// !$*UTF8*$!
{
	archiveVersion = 1;
	classes = {
	};
	objectVersion = 51;
	objects = {

/* Begin PBXBuildFile section */
		0B401E5CC056C28D68BC8679 /* Pods_Intermedia_Code_Challenge.framework in Frameworks */ = {isa = PBXBuildFile; fileRef = 3C2A4831F8155E95E748FEA1 /* Pods_Intermedia_Code_Challenge.framework */; };
		36C727D6EF048A6811860688 /* Pods_Intermedia_Code_Challenge_Intermedia_Code_ChallengeUITests.framework in Frameworks */ = {isa = PBXBuildFile; fileRef = CE6C6DFAD37DE57D29807CD4 /* Pods_Intermedia_Code_Challenge_Intermedia_Code_ChallengeUITests.framework */; };
		CE05FE082585452500BFCEBA /* RegistrationViewController.swift in Sources */ = {isa = PBXBuildFile; fileRef = CE05FE072585452500BFCEBA /* RegistrationViewController.swift */; };
		CE05FE102585453300BFCEBA /* RegisterView.swift in Sources */ = {isa = PBXBuildFile; fileRef = CE05FE0F2585453200BFCEBA /* RegisterView.swift */; };
		CE05FE182585480900BFCEBA /* FirebaseView.swift in Sources */ = {isa = PBXBuildFile; fileRef = CE05FE172585480900BFCEBA /* FirebaseView.swift */; };
		CE05FE21258555AA00BFCEBA /* RegistrationPresenter.swift in Sources */ = {isa = PBXBuildFile; fileRef = CE05FE20258555AA00BFCEBA /* RegistrationPresenter.swift */; };
		CE05FE3525855C1700BFCEBA /* LoginViewControlller.swift in Sources */ = {isa = PBXBuildFile; fileRef = CE05FE3425855C1700BFCEBA /* LoginViewControlller.swift */; };
		CE05FE4525855C9700BFCEBA /* LoginView.swift in Sources */ = {isa = PBXBuildFile; fileRef = CE05FE4425855C9700BFCEBA /* LoginView.swift */; };
		CE05FE5325855E4600BFCEBA /* LoginPresenter.swift in Sources */ = {isa = PBXBuildFile; fileRef = CE05FE5225855E4600BFCEBA /* LoginPresenter.swift */; };
		CE05FE6B2585678C00BFCEBA /* FirebasePresenter.swift in Sources */ = {isa = PBXBuildFile; fileRef = CE05FE6A2585678C00BFCEBA /* FirebasePresenter.swift */; };
		CE05FEA22585871F00BFCEBA /* HeroPresenter.swift in Sources */ = {isa = PBXBuildFile; fileRef = CE05FEA12585871F00BFCEBA /* HeroPresenter.swift */; };
		CE05FEAA25858A2A00BFCEBA /* BaseViewControllerProtocol.swift in Sources */ = {isa = PBXBuildFile; fileRef = CE05FEA925858A2A00BFCEBA /* BaseViewControllerProtocol.swift */; };
		CE05FEB225858A5000BFCEBA /* LoginViewProtocol.swift in Sources */ = {isa = PBXBuildFile; fileRef = CE05FEB125858A5000BFCEBA /* LoginViewProtocol.swift */; };
		CE05FEB725858A6800BFCEBA /* RegisterViewProtocol.swift in Sources */ = {isa = PBXBuildFile; fileRef = CE05FEB625858A6800BFCEBA /* RegisterViewProtocol.swift */; };
		CE05FEBC25858A8400BFCEBA /* HeroViewControllerProtocol.swift in Sources */ = {isa = PBXBuildFile; fileRef = CE05FEBB25858A8400BFCEBA /* HeroViewControllerProtocol.swift */; };
		CE05FEE42585AA2A00BFCEBA /* RobotoCondensed-Regular.ttf in Resources */ = {isa = PBXBuildFile; fileRef = CE05FEE32585AA2A00BFCEBA /* RobotoCondensed-Regular.ttf */; };
		CE05FEEC2585B63600BFCEBA /* Roboto-Regular.ttf in Resources */ = {isa = PBXBuildFile; fileRef = CE05FEEB2585B63600BFCEBA /* Roboto-Regular.ttf */; };
		CE12DF20258E649000E6F015 /* HeroViewController+Extension.swift in Sources */ = {isa = PBXBuildFile; fileRef = CE12DF1F258E649000E6F015 /* HeroViewController+Extension.swift */; };
		CE12DF2F258E811300E6F015 /* ComicsModel.swift in Sources */ = {isa = PBXBuildFile; fileRef = CE12DF2E258E811300E6F015 /* ComicsModel.swift */; };
		CE12DF3C258EA7DB00E6F015 /* DetailViewController.swift in Sources */ = {isa = PBXBuildFile; fileRef = CE12DF3B258EA7DA00E6F015 /* DetailViewController.swift */; };
		CE12DF44258EA82F00E6F015 /* DetailPresenter.swift in Sources */ = {isa = PBXBuildFile; fileRef = CE12DF43258EA82F00E6F015 /* DetailPresenter.swift */; };
		CE12DF49258EA84A00E6F015 /* DetailViewControllerProtocol.swift in Sources */ = {isa = PBXBuildFile; fileRef = CE12DF48258EA84A00E6F015 /* DetailViewControllerProtocol.swift */; };
		CE12DFCB258FD4E500E6F015 /* ImageTableViewCell.swift in Sources */ = {isa = PBXBuildFile; fileRef = CE12DFC9258FD4E500E6F015 /* ImageTableViewCell.swift */; };
		CE12DFCC258FD4E500E6F015 /* ImageTableViewCell.xib in Resources */ = {isa = PBXBuildFile; fileRef = CE12DFCA258FD4E500E6F015 /* ImageTableViewCell.xib */; };
		CE12DFD4258FDBC200E6F015 /* DescriptionTableViewCell.swift in Sources */ = {isa = PBXBuildFile; fileRef = CE12DFD2258FDBC200E6F015 /* DescriptionTableViewCell.swift */; };
		CE12DFD5258FDBC200E6F015 /* DescriptionTableViewCell.xib in Resources */ = {isa = PBXBuildFile; fileRef = CE12DFD3258FDBC200E6F015 /* DescriptionTableViewCell.xib */; };
		CE12DFDF258FDEDD00E6F015 /* TitleTableViewCell.swift in Sources */ = {isa = PBXBuildFile; fileRef = CE12DFDD258FDEDD00E6F015 /* TitleTableViewCell.swift */; };
		CE12DFE0258FDEDD00E6F015 /* TitleTableViewCell.xib in Resources */ = {isa = PBXBuildFile; fileRef = CE12DFDE258FDEDD00E6F015 /* TitleTableViewCell.xib */; };
		CE12DFEA258FE02600E6F015 /* ComicTableViewCell.swift in Sources */ = {isa = PBXBuildFile; fileRef = CE12DFE8258FE02600E6F015 /* ComicTableViewCell.swift */; };
		CE12DFEB258FE02600E6F015 /* ComicTableViewCell.xib in Resources */ = {isa = PBXBuildFile; fileRef = CE12DFE9258FE02600E6F015 /* ComicTableViewCell.xib */; };
		CE12DFF9258FE37600E6F015 /* DetailViewController+Extension.swift in Sources */ = {isa = PBXBuildFile; fileRef = CE12DFF8258FE37600E6F015 /* DetailViewController+Extension.swift */; };
		CE12E007258FE62B00E6F015 /* DetailScreenRepository.swift in Sources */ = {isa = PBXBuildFile; fileRef = CE12E006258FE62B00E6F015 /* DetailScreenRepository.swift */; };
		CE12E00C258FE64000E6F015 /* DetailScreenRepositoryProtocol.swift in Sources */ = {isa = PBXBuildFile; fileRef = CE12E00B258FE64000E6F015 /* DetailScreenRepositoryProtocol.swift */; };
		CE12E011258FE79000E6F015 /* ComicsService.swift in Sources */ = {isa = PBXBuildFile; fileRef = CE12E010258FE79000E6F015 /* ComicsService.swift */; };
		CE12E016258FE79B00E6F015 /* ComicsServiceProtocol.swift in Sources */ = {isa = PBXBuildFile; fileRef = CE12E015258FE79B00E6F015 /* ComicsServiceProtocol.swift */; };
		CE12E021258FFA9200E6F015 /* DetailView.swift in Sources */ = {isa = PBXBuildFile; fileRef = CE12E020258FFA9200E6F015 /* DetailView.swift */; };
		CE12E0702590019100E6F015 /* loading.json in Resources */ = {isa = PBXBuildFile; fileRef = CE12E06F2590019100E6F015 /* loading.json */; };
		CE12E07F259002C300E6F015 /* EventsModel.swift in Sources */ = {isa = PBXBuildFile; fileRef = CE12E07E259002C300E6F015 /* EventsModel.swift */; };
		CE12E087259006DC00E6F015 /* StoriesService.swift in Sources */ = {isa = PBXBuildFile; fileRef = CE12E086259006DC00E6F015 /* StoriesService.swift */; };
		CE12E08C259006E500E6F015 /* StoriesServiceProtocol.swift in Sources */ = {isa = PBXBuildFile; fileRef = CE12E08B259006E500E6F015 /* StoriesServiceProtocol.swift */; };
		CE12E0922590075B00E6F015 /* EventsScreenRepositoryProtocol.swift in Sources */ = {isa = PBXBuildFile; fileRef = CE12E0912590075B00E6F015 /* EventsScreenRepositoryProtocol.swift */; };
		CE12E09A2590076600E6F015 /* EventsScreenRepository.swift in Sources */ = {isa = PBXBuildFile; fileRef = CE12E0992590076600E6F015 /* EventsScreenRepository.swift */; };
		CE12E0A22590089500E6F015 /* EventsPresenter.swift in Sources */ = {isa = PBXBuildFile; fileRef = CE12E0A12590089500E6F015 /* EventsPresenter.swift */; };
		CE12E0A7259008C500E6F015 /* EventsViewControllerProtocol.swift in Sources */ = {isa = PBXBuildFile; fileRef = CE12E0A6259008C500E6F015 /* EventsViewControllerProtocol.swift */; };
		CE12E0C7259017A700E6F015 /* EventsTableViewCell.swift in Sources */ = {isa = PBXBuildFile; fileRef = CE12E0C5259017A700E6F015 /* EventsTableViewCell.swift */; };
		CE12E0C8259017A700E6F015 /* EventsTableViewCell.xib in Resources */ = {isa = PBXBuildFile; fileRef = CE12E0C6259017A700E6F015 /* EventsTableViewCell.xib */; };
		CE12E0D125901C0200E6F015 /* EventsView.swift in Sources */ = {isa = PBXBuildFile; fileRef = CE12E0D025901C0200E6F015 /* EventsView.swift */; };
		CE12E0FE259034A200E6F015 /* EventsViewController+Extension.swift in Sources */ = {isa = PBXBuildFile; fileRef = CE12E0FD259034A200E6F015 /* EventsViewController+Extension.swift */; };
		CE31BCE7258BBB78006B6E41 /* HeroRepository.swift in Sources */ = {isa = PBXBuildFile; fileRef = CE31BCE6258BBB78006B6E41 /* HeroRepository.swift */; };
		CE31BD0E258C0E9E006B6E41 /* HeroRepositoryProtocol.swift in Sources */ = {isa = PBXBuildFile; fileRef = CE31BD0D258C0E9E006B6E41 /* HeroRepositoryProtocol.swift */; };
		CE31BD14258C111E006B6E41 /* HeroService.swift in Sources */ = {isa = PBXBuildFile; fileRef = CE31BD13258C111E006B6E41 /* HeroService.swift */; };
		CE31BD1C258C112A006B6E41 /* HeroServiceProtocol.swift in Sources */ = {isa = PBXBuildFile; fileRef = CE31BD1B258C112A006B6E41 /* HeroServiceProtocol.swift */; };
		CE7476472586A6B200C63A77 /* EventsViewController.swift in Sources */ = {isa = PBXBuildFile; fileRef = CE7476462586A6B200C63A77 /* EventsViewController.swift */; };
		CE74766A2586B8C200C63A77 /* CustomTabBarController.swift in Sources */ = {isa = PBXBuildFile; fileRef = CE7476692586B8C200C63A77 /* CustomTabBarController.swift */; };
		CE9011C92582DB7400ECCC0A /* AppDelegate.swift in Sources */ = {isa = PBXBuildFile; fileRef = CE9011C82582DB7400ECCC0A /* AppDelegate.swift */; };
		CE9011CB2582DB7400ECCC0A /* SceneDelegate.swift in Sources */ = {isa = PBXBuildFile; fileRef = CE9011CA2582DB7400ECCC0A /* SceneDelegate.swift */; };
		CE9011D22582DB7700ECCC0A /* Assets.xcassets in Resources */ = {isa = PBXBuildFile; fileRef = CE9011D12582DB7700ECCC0A /* Assets.xcassets */; };
		CE9011E02582DB7700ECCC0A /* Intermedia_Code_ChallengeTests.swift in Sources */ = {isa = PBXBuildFile; fileRef = CE9011DF2582DB7700ECCC0A /* Intermedia_Code_ChallengeTests.swift */; };
		CE9011EB2582DB7700ECCC0A /* Intermedia_Code_ChallengeUITests.swift in Sources */ = {isa = PBXBuildFile; fileRef = CE9011EA2582DB7700ECCC0A /* Intermedia_Code_ChallengeUITests.swift */; };
		CE9012102582DD3B00ECCC0A /* UIKit+Extension.swift in Sources */ = {isa = PBXBuildFile; fileRef = CE90120F2582DD3B00ECCC0A /* UIKit+Extension.swift */; };
		CE9012182582DD5B00ECCC0A /* BaseViewController.swift in Sources */ = {isa = PBXBuildFile; fileRef = CE9012172582DD5B00ECCC0A /* BaseViewController.swift */; };
		CE90121D2582DD9600ECCC0A /* Constants.swift in Sources */ = {isa = PBXBuildFile; fileRef = CE90121C2582DD9600ECCC0A /* Constants.swift */; };
		CE9012282582DEE500ECCC0A /* HeroViewController.swift in Sources */ = {isa = PBXBuildFile; fileRef = CE9012272582DEE500ECCC0A /* HeroViewController.swift */; };
		CE90129C2582EEA600ECCC0A /* GoogleService-Info.plist in Resources */ = {isa = PBXBuildFile; fileRef = CE90129B2582EEA600ECCC0A /* GoogleService-Info.plist */; };
		CE9012B02582F0CD00ECCC0A /* CustomButton.swift in Sources */ = {isa = PBXBuildFile; fileRef = CE9012AF2582F0CD00ECCC0A /* CustomButton.swift */; };
		CE9012B52582FC9900ECCC0A /* UIImageView+Extension.swift in Sources */ = {isa = PBXBuildFile; fileRef = CE9012B42582FC9900ECCC0A /* UIImageView+Extension.swift */; };
		CE9012C02583036100ECCC0A /* CustomTextField.swift in Sources */ = {isa = PBXBuildFile; fileRef = CE9012BF2583036100ECCC0A /* CustomTextField.swift */; };
		CEB6F7EF2589735200CED9EB /* NetworkingClient.swift in Sources */ = {isa = PBXBuildFile; fileRef = CEB6F7EE2589735200CED9EB /* NetworkingClient.swift */; };
		CEB6F8052589833F00CED9EB /* MVAPI-Info.plist in Resources */ = {isa = PBXBuildFile; fileRef = CEB6F8042589833F00CED9EB /* MVAPI-Info.plist */; };
		CEB6F80D2589852000CED9EB /* String+Extension.swift in Sources */ = {isa = PBXBuildFile; fileRef = CEB6F80C2589852000CED9EB /* String+Extension.swift */; };
		CED2D7D22587043F002379F3 /* HeroCell.swift in Sources */ = {isa = PBXBuildFile; fileRef = CED2D7D12587043F002379F3 /* HeroCell.swift */; };
		CED2DB8E25881B70002379F3 /* HeroModel.swift in Sources */ = {isa = PBXBuildFile; fileRef = CED2DB8D25881B70002379F3 /* HeroModel.swift */; };
		CED2DC882588E233002379F3 /* HeroView.swift in Sources */ = {isa = PBXBuildFile; fileRef = CED2DC872588E233002379F3 /* HeroView.swift */; };
		CED4C964259CC1D000215702 /* FirebaseViewSnapshotTestCases.swift in Sources */ = {isa = PBXBuildFile; fileRef = CED4C963259CC1D000215702 /* FirebaseViewSnapshotTestCases.swift */; };
		CED4C96C259CC49D00215702 /* CustomButtonSnapshotTestCases.swift in Sources */ = {isa = PBXBuildFile; fileRef = CED4C96B259CC49D00215702 /* CustomButtonSnapshotTestCases.swift */; };
		CED4CA4A259CFBB700215702 /* CustomTextViewSnapshotTestCases.swift in Sources */ = {isa = PBXBuildFile; fileRef = CED4CA49259CFBB700215702 /* CustomTextViewSnapshotTestCases.swift */; };
		CED4CA51259D0D9C00215702 /* LoginViewSnapshotTestCases.swift in Sources */ = {isa = PBXBuildFile; fileRef = CED4CA50259D0D9C00215702 /* LoginViewSnapshotTestCases.swift */; };
		CED4CA7F259E457700215702 /* RegisterViewSnapshotTestCases.swift in Sources */ = {isa = PBXBuildFile; fileRef = CED4CA7E259E457700215702 /* RegisterViewSnapshotTestCases.swift */; };
		CED4CA85259E46DE00215702 /* HeroCellSnapshotTestCases.swift in Sources */ = {isa = PBXBuildFile; fileRef = CED4CA84259E46DE00215702 /* HeroCellSnapshotTestCases.swift */; };
		CED4CAB825A1021000215702 /* BaseViewControllerSpy.swift in Sources */ = {isa = PBXBuildFile; fileRef = CED4CAB725A1021000215702 /* BaseViewControllerSpy.swift */; };
		CED4CAC025A1030B00215702 /* BaseViewControllerProtocolTest.swift in Sources */ = {isa = PBXBuildFile; fileRef = CED4CABF25A1030B00215702 /* BaseViewControllerProtocolTest.swift */; };
		CED4CADA25A13C1000215702 /* LoginSpy.swift in Sources */ = {isa = PBXBuildFile; fileRef = CED4CAD925A13C1000215702 /* LoginSpy.swift */; };
		CED4CAE525A13D4E00215702 /* LoginViewControllerProtocol.swift in Sources */ = {isa = PBXBuildFile; fileRef = CED4CAE425A13D4E00215702 /* LoginViewControllerProtocol.swift */; };
		CED4CAED25A13F6D00215702 /* LoginViewSpy.swift in Sources */ = {isa = PBXBuildFile; fileRef = CED4CAEC25A13F6D00215702 /* LoginViewSpy.swift */; };
		CED4CAF525A13FAE00215702 /* LoginViewProtocolTest.swift in Sources */ = {isa = PBXBuildFile; fileRef = CED4CAF425A13FAE00215702 /* LoginViewProtocolTest.swift */; };
		CED4CB0B25A1453300215702 /* RegisterViewSpy.swift in Sources */ = {isa = PBXBuildFile; fileRef = CED4CB0A25A1453300215702 /* RegisterViewSpy.swift */; };
		CED4CB1425A1457F00215702 /* RegisterViewProtocolTest.swift in Sources */ = {isa = PBXBuildFile; fileRef = CED4CB1325A1457F00215702 /* RegisterViewProtocolTest.swift */; };
		CED4CB1F25A1484000215702 /* HeroMockModel.swift in Sources */ = {isa = PBXBuildFile; fileRef = CED4CB1E25A1484000215702 /* HeroMockModel.swift */; };
		CED4CB2A25A14A6500215702 /* HeroRepositorySpy.swift in Sources */ = {isa = PBXBuildFile; fileRef = CED4CB2925A14A6500215702 /* HeroRepositorySpy.swift */; };
		CED4CB3225A14AF200215702 /* HeroRepositoryProtocolTest.swift in Sources */ = {isa = PBXBuildFile; fileRef = CED4CB3125A14AF200215702 /* HeroRepositoryProtocolTest.swift */; };
		D686F299D812E854721CADAD /* Pods_Intermedia_Code_ChallengeTests.framework in Frameworks */ = {isa = PBXBuildFile; fileRef = 6C69698FCEA57D7424544F1E /* Pods_Intermedia_Code_ChallengeTests.framework */; };
/* End PBXBuildFile section */

/* Begin PBXContainerItemProxy section */
		CE9011DC2582DB7700ECCC0A /* PBXContainerItemProxy */ = {
			isa = PBXContainerItemProxy;
			containerPortal = CE9011BD2582DB7400ECCC0A /* Project object */;
			proxyType = 1;
			remoteGlobalIDString = CE9011C42582DB7400ECCC0A;
			remoteInfo = "Intermedia Code Challenge";
		};
		CE9011E72582DB7700ECCC0A /* PBXContainerItemProxy */ = {
			isa = PBXContainerItemProxy;
			containerPortal = CE9011BD2582DB7400ECCC0A /* Project object */;
			proxyType = 1;
			remoteGlobalIDString = CE9011C42582DB7400ECCC0A;
			remoteInfo = "Intermedia Code Challenge";
		};
/* End PBXContainerItemProxy section */

/* Begin PBXFileReference section */
		388CEB2923B0CA35211CBEE3 /* Pods-Intermedia Code Challenge.debug.xcconfig */ = {isa = PBXFileReference; includeInIndex = 1; lastKnownFileType = text.xcconfig; name = "Pods-Intermedia Code Challenge.debug.xcconfig"; path = "Target Support Files/Pods-Intermedia Code Challenge/Pods-Intermedia Code Challenge.debug.xcconfig"; sourceTree = "<group>"; };
		3C2A4831F8155E95E748FEA1 /* Pods_Intermedia_Code_Challenge.framework */ = {isa = PBXFileReference; explicitFileType = wrapper.framework; includeInIndex = 0; path = Pods_Intermedia_Code_Challenge.framework; sourceTree = BUILT_PRODUCTS_DIR; };
		4029CEC140CD2DBAA8225B59 /* Pods-Intermedia Code Challenge-Intermedia Code ChallengeUITests.release.xcconfig */ = {isa = PBXFileReference; includeInIndex = 1; lastKnownFileType = text.xcconfig; name = "Pods-Intermedia Code Challenge-Intermedia Code ChallengeUITests.release.xcconfig"; path = "Target Support Files/Pods-Intermedia Code Challenge-Intermedia Code ChallengeUITests/Pods-Intermedia Code Challenge-Intermedia Code ChallengeUITests.release.xcconfig"; sourceTree = "<group>"; };
		6C69698FCEA57D7424544F1E /* Pods_Intermedia_Code_ChallengeTests.framework */ = {isa = PBXFileReference; explicitFileType = wrapper.framework; includeInIndex = 0; path = Pods_Intermedia_Code_ChallengeTests.framework; sourceTree = BUILT_PRODUCTS_DIR; };
		99546A73E2CCEDD71336B4D0 /* Pods-Intermedia Code ChallengeTests.release.xcconfig */ = {isa = PBXFileReference; includeInIndex = 1; lastKnownFileType = text.xcconfig; name = "Pods-Intermedia Code ChallengeTests.release.xcconfig"; path = "Target Support Files/Pods-Intermedia Code ChallengeTests/Pods-Intermedia Code ChallengeTests.release.xcconfig"; sourceTree = "<group>"; };
		AE73A6CE3E84CDCAD8029F05 /* Pods-Intermedia Code Challenge.release.xcconfig */ = {isa = PBXFileReference; includeInIndex = 1; lastKnownFileType = text.xcconfig; name = "Pods-Intermedia Code Challenge.release.xcconfig"; path = "Target Support Files/Pods-Intermedia Code Challenge/Pods-Intermedia Code Challenge.release.xcconfig"; sourceTree = "<group>"; };
		AEF5FAA840AF9BA0617E77DC /* Pods-Intermedia Code Challenge-Intermedia Code ChallengeUITests.debug.xcconfig */ = {isa = PBXFileReference; includeInIndex = 1; lastKnownFileType = text.xcconfig; name = "Pods-Intermedia Code Challenge-Intermedia Code ChallengeUITests.debug.xcconfig"; path = "Target Support Files/Pods-Intermedia Code Challenge-Intermedia Code ChallengeUITests/Pods-Intermedia Code Challenge-Intermedia Code ChallengeUITests.debug.xcconfig"; sourceTree = "<group>"; };
		B101683364171981C84F0293 /* Pods-Intermedia Code ChallengeTests.debug.xcconfig */ = {isa = PBXFileReference; includeInIndex = 1; lastKnownFileType = text.xcconfig; name = "Pods-Intermedia Code ChallengeTests.debug.xcconfig"; path = "Target Support Files/Pods-Intermedia Code ChallengeTests/Pods-Intermedia Code ChallengeTests.debug.xcconfig"; sourceTree = "<group>"; };
		CE05FE072585452500BFCEBA /* RegistrationViewController.swift */ = {isa = PBXFileReference; lastKnownFileType = sourcecode.swift; path = RegistrationViewController.swift; sourceTree = "<group>"; };
		CE05FE0F2585453200BFCEBA /* RegisterView.swift */ = {isa = PBXFileReference; lastKnownFileType = sourcecode.swift; path = RegisterView.swift; sourceTree = "<group>"; };
		CE05FE172585480900BFCEBA /* FirebaseView.swift */ = {isa = PBXFileReference; lastKnownFileType = sourcecode.swift; path = FirebaseView.swift; sourceTree = "<group>"; };
		CE05FE20258555AA00BFCEBA /* RegistrationPresenter.swift */ = {isa = PBXFileReference; lastKnownFileType = sourcecode.swift; path = RegistrationPresenter.swift; sourceTree = "<group>"; };
		CE05FE3425855C1700BFCEBA /* LoginViewControlller.swift */ = {isa = PBXFileReference; lastKnownFileType = sourcecode.swift; path = LoginViewControlller.swift; sourceTree = "<group>"; };
		CE05FE4425855C9700BFCEBA /* LoginView.swift */ = {isa = PBXFileReference; lastKnownFileType = sourcecode.swift; path = LoginView.swift; sourceTree = "<group>"; };
		CE05FE5225855E4600BFCEBA /* LoginPresenter.swift */ = {isa = PBXFileReference; lastKnownFileType = sourcecode.swift; path = LoginPresenter.swift; sourceTree = "<group>"; };
		CE05FE6A2585678C00BFCEBA /* FirebasePresenter.swift */ = {isa = PBXFileReference; lastKnownFileType = sourcecode.swift; path = FirebasePresenter.swift; sourceTree = "<group>"; };
		CE05FEA12585871F00BFCEBA /* HeroPresenter.swift */ = {isa = PBXFileReference; lastKnownFileType = sourcecode.swift; path = HeroPresenter.swift; sourceTree = "<group>"; };
		CE05FEA925858A2A00BFCEBA /* BaseViewControllerProtocol.swift */ = {isa = PBXFileReference; lastKnownFileType = sourcecode.swift; path = BaseViewControllerProtocol.swift; sourceTree = "<group>"; };
		CE05FEB125858A5000BFCEBA /* LoginViewProtocol.swift */ = {isa = PBXFileReference; lastKnownFileType = sourcecode.swift; path = LoginViewProtocol.swift; sourceTree = "<group>"; };
		CE05FEB625858A6800BFCEBA /* RegisterViewProtocol.swift */ = {isa = PBXFileReference; lastKnownFileType = sourcecode.swift; path = RegisterViewProtocol.swift; sourceTree = "<group>"; };
		CE05FEBB25858A8400BFCEBA /* HeroViewControllerProtocol.swift */ = {isa = PBXFileReference; lastKnownFileType = sourcecode.swift; path = HeroViewControllerProtocol.swift; sourceTree = "<group>"; };
		CE05FEE32585AA2A00BFCEBA /* RobotoCondensed-Regular.ttf */ = {isa = PBXFileReference; lastKnownFileType = file; path = "RobotoCondensed-Regular.ttf"; sourceTree = "<group>"; };
		CE05FEEB2585B63600BFCEBA /* Roboto-Regular.ttf */ = {isa = PBXFileReference; lastKnownFileType = file; path = "Roboto-Regular.ttf"; sourceTree = "<group>"; };
		CE12DF1F258E649000E6F015 /* HeroViewController+Extension.swift */ = {isa = PBXFileReference; lastKnownFileType = sourcecode.swift; path = "HeroViewController+Extension.swift"; sourceTree = "<group>"; };
		CE12DF2E258E811300E6F015 /* ComicsModel.swift */ = {isa = PBXFileReference; lastKnownFileType = sourcecode.swift; path = ComicsModel.swift; sourceTree = "<group>"; };
		CE12DF3B258EA7DA00E6F015 /* DetailViewController.swift */ = {isa = PBXFileReference; lastKnownFileType = sourcecode.swift; path = DetailViewController.swift; sourceTree = "<group>"; };
		CE12DF43258EA82F00E6F015 /* DetailPresenter.swift */ = {isa = PBXFileReference; lastKnownFileType = sourcecode.swift; path = DetailPresenter.swift; sourceTree = "<group>"; };
		CE12DF48258EA84A00E6F015 /* DetailViewControllerProtocol.swift */ = {isa = PBXFileReference; lastKnownFileType = sourcecode.swift; path = DetailViewControllerProtocol.swift; sourceTree = "<group>"; };
		CE12DFC9258FD4E500E6F015 /* ImageTableViewCell.swift */ = {isa = PBXFileReference; lastKnownFileType = sourcecode.swift; path = ImageTableViewCell.swift; sourceTree = "<group>"; };
		CE12DFCA258FD4E500E6F015 /* ImageTableViewCell.xib */ = {isa = PBXFileReference; lastKnownFileType = file.xib; path = ImageTableViewCell.xib; sourceTree = "<group>"; };
		CE12DFD2258FDBC200E6F015 /* DescriptionTableViewCell.swift */ = {isa = PBXFileReference; lastKnownFileType = sourcecode.swift; path = DescriptionTableViewCell.swift; sourceTree = "<group>"; };
		CE12DFD3258FDBC200E6F015 /* DescriptionTableViewCell.xib */ = {isa = PBXFileReference; lastKnownFileType = file.xib; path = DescriptionTableViewCell.xib; sourceTree = "<group>"; };
		CE12DFDD258FDEDD00E6F015 /* TitleTableViewCell.swift */ = {isa = PBXFileReference; lastKnownFileType = sourcecode.swift; path = TitleTableViewCell.swift; sourceTree = "<group>"; };
		CE12DFDE258FDEDD00E6F015 /* TitleTableViewCell.xib */ = {isa = PBXFileReference; lastKnownFileType = file.xib; path = TitleTableViewCell.xib; sourceTree = "<group>"; };
		CE12DFE8258FE02600E6F015 /* ComicTableViewCell.swift */ = {isa = PBXFileReference; lastKnownFileType = sourcecode.swift; path = ComicTableViewCell.swift; sourceTree = "<group>"; };
		CE12DFE9258FE02600E6F015 /* ComicTableViewCell.xib */ = {isa = PBXFileReference; lastKnownFileType = file.xib; path = ComicTableViewCell.xib; sourceTree = "<group>"; };
		CE12DFF8258FE37600E6F015 /* DetailViewController+Extension.swift */ = {isa = PBXFileReference; lastKnownFileType = sourcecode.swift; path = "DetailViewController+Extension.swift"; sourceTree = "<group>"; };
		CE12E006258FE62B00E6F015 /* DetailScreenRepository.swift */ = {isa = PBXFileReference; lastKnownFileType = sourcecode.swift; path = DetailScreenRepository.swift; sourceTree = "<group>"; };
		CE12E00B258FE64000E6F015 /* DetailScreenRepositoryProtocol.swift */ = {isa = PBXFileReference; lastKnownFileType = sourcecode.swift; path = DetailScreenRepositoryProtocol.swift; sourceTree = "<group>"; };
		CE12E010258FE79000E6F015 /* ComicsService.swift */ = {isa = PBXFileReference; lastKnownFileType = sourcecode.swift; path = ComicsService.swift; sourceTree = "<group>"; };
		CE12E015258FE79B00E6F015 /* ComicsServiceProtocol.swift */ = {isa = PBXFileReference; lastKnownFileType = sourcecode.swift; path = ComicsServiceProtocol.swift; sourceTree = "<group>"; };
		CE12E020258FFA9200E6F015 /* DetailView.swift */ = {isa = PBXFileReference; lastKnownFileType = sourcecode.swift; path = DetailView.swift; sourceTree = "<group>"; };
		CE12E06F2590019100E6F015 /* loading.json */ = {isa = PBXFileReference; fileEncoding = 4; lastKnownFileType = text.json; path = loading.json; sourceTree = "<group>"; };
		CE12E07E259002C300E6F015 /* EventsModel.swift */ = {isa = PBXFileReference; lastKnownFileType = sourcecode.swift; path = "\U0010EventsModel.swift"; sourceTree = "<group>"; };
		CE12E086259006DC00E6F015 /* StoriesService.swift */ = {isa = PBXFileReference; lastKnownFileType = sourcecode.swift; path = StoriesService.swift; sourceTree = "<group>"; };
		CE12E08B259006E500E6F015 /* StoriesServiceProtocol.swift */ = {isa = PBXFileReference; lastKnownFileType = sourcecode.swift; path = StoriesServiceProtocol.swift; sourceTree = "<group>"; };
		CE12E0912590075B00E6F015 /* EventsScreenRepositoryProtocol.swift */ = {isa = PBXFileReference; lastKnownFileType = sourcecode.swift; path = EventsScreenRepositoryProtocol.swift; sourceTree = "<group>"; };
		CE12E0992590076600E6F015 /* EventsScreenRepository.swift */ = {isa = PBXFileReference; lastKnownFileType = sourcecode.swift; path = EventsScreenRepository.swift; sourceTree = "<group>"; };
		CE12E0A12590089500E6F015 /* EventsPresenter.swift */ = {isa = PBXFileReference; lastKnownFileType = sourcecode.swift; path = EventsPresenter.swift; sourceTree = "<group>"; };
		CE12E0A6259008C500E6F015 /* EventsViewControllerProtocol.swift */ = {isa = PBXFileReference; lastKnownFileType = sourcecode.swift; path = EventsViewControllerProtocol.swift; sourceTree = "<group>"; };
		CE12E0C5259017A700E6F015 /* EventsTableViewCell.swift */ = {isa = PBXFileReference; lastKnownFileType = sourcecode.swift; path = EventsTableViewCell.swift; sourceTree = "<group>"; };
		CE12E0C6259017A700E6F015 /* EventsTableViewCell.xib */ = {isa = PBXFileReference; lastKnownFileType = file.xib; path = EventsTableViewCell.xib; sourceTree = "<group>"; };
		CE12E0D025901C0200E6F015 /* EventsView.swift */ = {isa = PBXFileReference; lastKnownFileType = sourcecode.swift; path = EventsView.swift; sourceTree = "<group>"; };
		CE12E0FD259034A200E6F015 /* EventsViewController+Extension.swift */ = {isa = PBXFileReference; lastKnownFileType = sourcecode.swift; path = "EventsViewController+Extension.swift"; sourceTree = "<group>"; };
		CE31BCE6258BBB78006B6E41 /* HeroRepository.swift */ = {isa = PBXFileReference; lastKnownFileType = sourcecode.swift; path = HeroRepository.swift; sourceTree = "<group>"; };
		CE31BD0D258C0E9E006B6E41 /* HeroRepositoryProtocol.swift */ = {isa = PBXFileReference; lastKnownFileType = sourcecode.swift; path = HeroRepositoryProtocol.swift; sourceTree = "<group>"; };
		CE31BD13258C111E006B6E41 /* HeroService.swift */ = {isa = PBXFileReference; lastKnownFileType = sourcecode.swift; path = HeroService.swift; sourceTree = "<group>"; };
		CE31BD1B258C112A006B6E41 /* HeroServiceProtocol.swift */ = {isa = PBXFileReference; lastKnownFileType = sourcecode.swift; path = HeroServiceProtocol.swift; sourceTree = "<group>"; };
		CE6C6DFAD37DE57D29807CD4 /* Pods_Intermedia_Code_Challenge_Intermedia_Code_ChallengeUITests.framework */ = {isa = PBXFileReference; explicitFileType = wrapper.framework; includeInIndex = 0; path = Pods_Intermedia_Code_Challenge_Intermedia_Code_ChallengeUITests.framework; sourceTree = BUILT_PRODUCTS_DIR; };
		CE7476462586A6B200C63A77 /* EventsViewController.swift */ = {isa = PBXFileReference; lastKnownFileType = sourcecode.swift; path = EventsViewController.swift; sourceTree = "<group>"; };
		CE7476692586B8C200C63A77 /* CustomTabBarController.swift */ = {isa = PBXFileReference; lastKnownFileType = sourcecode.swift; path = CustomTabBarController.swift; sourceTree = "<group>"; };
		CE9011C52582DB7400ECCC0A /* Intermedia Code Challenge.app */ = {isa = PBXFileReference; explicitFileType = wrapper.application; includeInIndex = 0; path = "Intermedia Code Challenge.app"; sourceTree = BUILT_PRODUCTS_DIR; };
		CE9011C82582DB7400ECCC0A /* AppDelegate.swift */ = {isa = PBXFileReference; lastKnownFileType = sourcecode.swift; path = AppDelegate.swift; sourceTree = "<group>"; };
		CE9011CA2582DB7400ECCC0A /* SceneDelegate.swift */ = {isa = PBXFileReference; lastKnownFileType = sourcecode.swift; path = SceneDelegate.swift; sourceTree = "<group>"; };
		CE9011D12582DB7700ECCC0A /* Assets.xcassets */ = {isa = PBXFileReference; lastKnownFileType = folder.assetcatalog; path = Assets.xcassets; sourceTree = "<group>"; };
		CE9011D62582DB7700ECCC0A /* Info.plist */ = {isa = PBXFileReference; lastKnownFileType = text.plist.xml; path = Info.plist; sourceTree = "<group>"; };
		CE9011DB2582DB7700ECCC0A /* Intermedia Code ChallengeTests.xctest */ = {isa = PBXFileReference; explicitFileType = wrapper.cfbundle; includeInIndex = 0; path = "Intermedia Code ChallengeTests.xctest"; sourceTree = BUILT_PRODUCTS_DIR; };
		CE9011DF2582DB7700ECCC0A /* Intermedia_Code_ChallengeTests.swift */ = {isa = PBXFileReference; lastKnownFileType = sourcecode.swift; path = Intermedia_Code_ChallengeTests.swift; sourceTree = "<group>"; };
		CE9011E12582DB7700ECCC0A /* Info.plist */ = {isa = PBXFileReference; lastKnownFileType = text.plist.xml; path = Info.plist; sourceTree = "<group>"; };
		CE9011E62582DB7700ECCC0A /* Intermedia Code ChallengeUITests.xctest */ = {isa = PBXFileReference; explicitFileType = wrapper.cfbundle; includeInIndex = 0; path = "Intermedia Code ChallengeUITests.xctest"; sourceTree = BUILT_PRODUCTS_DIR; };
		CE9011EA2582DB7700ECCC0A /* Intermedia_Code_ChallengeUITests.swift */ = {isa = PBXFileReference; lastKnownFileType = sourcecode.swift; path = Intermedia_Code_ChallengeUITests.swift; sourceTree = "<group>"; };
		CE9011EC2582DB7700ECCC0A /* Info.plist */ = {isa = PBXFileReference; lastKnownFileType = text.plist.xml; path = Info.plist; sourceTree = "<group>"; };
		CE90120F2582DD3B00ECCC0A /* UIKit+Extension.swift */ = {isa = PBXFileReference; lastKnownFileType = sourcecode.swift; path = "UIKit+Extension.swift"; sourceTree = "<group>"; };
		CE9012172582DD5B00ECCC0A /* BaseViewController.swift */ = {isa = PBXFileReference; lastKnownFileType = sourcecode.swift; path = BaseViewController.swift; sourceTree = "<group>"; };
		CE90121C2582DD9600ECCC0A /* Constants.swift */ = {isa = PBXFileReference; lastKnownFileType = sourcecode.swift; path = Constants.swift; sourceTree = "<group>"; };
		CE9012272582DEE500ECCC0A /* HeroViewController.swift */ = {isa = PBXFileReference; lastKnownFileType = sourcecode.swift; path = HeroViewController.swift; sourceTree = "<group>"; };
		CE90129B2582EEA600ECCC0A /* GoogleService-Info.plist */ = {isa = PBXFileReference; fileEncoding = 4; lastKnownFileType = text.plist.xml; path = "GoogleService-Info.plist"; sourceTree = "<group>"; };
		CE9012AF2582F0CD00ECCC0A /* CustomButton.swift */ = {isa = PBXFileReference; lastKnownFileType = sourcecode.swift; path = CustomButton.swift; sourceTree = "<group>"; };
		CE9012B42582FC9900ECCC0A /* UIImageView+Extension.swift */ = {isa = PBXFileReference; lastKnownFileType = sourcecode.swift; path = "UIImageView+Extension.swift"; sourceTree = "<group>"; };
		CE9012BF2583036100ECCC0A /* CustomTextField.swift */ = {isa = PBXFileReference; lastKnownFileType = sourcecode.swift; path = CustomTextField.swift; sourceTree = "<group>"; };
		CEB6F7EE2589735200CED9EB /* NetworkingClient.swift */ = {isa = PBXFileReference; lastKnownFileType = sourcecode.swift; path = NetworkingClient.swift; sourceTree = "<group>"; };
		CEB6F8042589833F00CED9EB /* MVAPI-Info.plist */ = {isa = PBXFileReference; lastKnownFileType = text.plist.xml; path = "MVAPI-Info.plist"; sourceTree = "<group>"; };
		CEB6F80C2589852000CED9EB /* String+Extension.swift */ = {isa = PBXFileReference; lastKnownFileType = sourcecode.swift; path = "String+Extension.swift"; sourceTree = "<group>"; };
		CED2D7D12587043F002379F3 /* HeroCell.swift */ = {isa = PBXFileReference; lastKnownFileType = sourcecode.swift; path = HeroCell.swift; sourceTree = "<group>"; };
		CED2DB8D25881B70002379F3 /* HeroModel.swift */ = {isa = PBXFileReference; lastKnownFileType = sourcecode.swift; path = HeroModel.swift; sourceTree = "<group>"; };
		CED2DC872588E233002379F3 /* HeroView.swift */ = {isa = PBXFileReference; lastKnownFileType = sourcecode.swift; path = HeroView.swift; sourceTree = "<group>"; };
		CED4C963259CC1D000215702 /* FirebaseViewSnapshotTestCases.swift */ = {isa = PBXFileReference; lastKnownFileType = sourcecode.swift; path = FirebaseViewSnapshotTestCases.swift; sourceTree = "<group>"; };
		CED4C96B259CC49D00215702 /* CustomButtonSnapshotTestCases.swift */ = {isa = PBXFileReference; lastKnownFileType = sourcecode.swift; path = CustomButtonSnapshotTestCases.swift; sourceTree = "<group>"; };
		CED4CA49259CFBB700215702 /* CustomTextViewSnapshotTestCases.swift */ = {isa = PBXFileReference; lastKnownFileType = sourcecode.swift; path = CustomTextViewSnapshotTestCases.swift; sourceTree = "<group>"; };
		CED4CA50259D0D9C00215702 /* LoginViewSnapshotTestCases.swift */ = {isa = PBXFileReference; lastKnownFileType = sourcecode.swift; path = LoginViewSnapshotTestCases.swift; sourceTree = "<group>"; };
		CED4CA7E259E457700215702 /* RegisterViewSnapshotTestCases.swift */ = {isa = PBXFileReference; lastKnownFileType = sourcecode.swift; path = RegisterViewSnapshotTestCases.swift; sourceTree = "<group>"; };
		CED4CA84259E46DE00215702 /* HeroCellSnapshotTestCases.swift */ = {isa = PBXFileReference; lastKnownFileType = sourcecode.swift; path = HeroCellSnapshotTestCases.swift; sourceTree = "<group>"; };
		CED4CAB725A1021000215702 /* BaseViewControllerSpy.swift */ = {isa = PBXFileReference; lastKnownFileType = sourcecode.swift; path = BaseViewControllerSpy.swift; sourceTree = "<group>"; };
		CED4CABF25A1030B00215702 /* BaseViewControllerProtocolTest.swift */ = {isa = PBXFileReference; lastKnownFileType = sourcecode.swift; path = BaseViewControllerProtocolTest.swift; sourceTree = "<group>"; };
		CED4CAD925A13C1000215702 /* LoginSpy.swift */ = {isa = PBXFileReference; lastKnownFileType = sourcecode.swift; path = LoginSpy.swift; sourceTree = "<group>"; };
		CED4CAE425A13D4E00215702 /* LoginViewControllerProtocol.swift */ = {isa = PBXFileReference; lastKnownFileType = sourcecode.swift; path = LoginViewControllerProtocol.swift; sourceTree = "<group>"; };
		CED4CAEC25A13F6D00215702 /* LoginViewSpy.swift */ = {isa = PBXFileReference; lastKnownFileType = sourcecode.swift; path = LoginViewSpy.swift; sourceTree = "<group>"; };
		CED4CAF425A13FAE00215702 /* LoginViewProtocolTest.swift */ = {isa = PBXFileReference; lastKnownFileType = sourcecode.swift; path = LoginViewProtocolTest.swift; sourceTree = "<group>"; };
		CED4CB0A25A1453300215702 /* RegisterViewSpy.swift */ = {isa = PBXFileReference; lastKnownFileType = sourcecode.swift; path = RegisterViewSpy.swift; sourceTree = "<group>"; };
		CED4CB1325A1457F00215702 /* RegisterViewProtocolTest.swift */ = {isa = PBXFileReference; lastKnownFileType = sourcecode.swift; path = RegisterViewProtocolTest.swift; sourceTree = "<group>"; };
		CED4CB1E25A1484000215702 /* HeroMockModel.swift */ = {isa = PBXFileReference; lastKnownFileType = sourcecode.swift; path = HeroMockModel.swift; sourceTree = "<group>"; };
		CED4CB2925A14A6500215702 /* HeroRepositorySpy.swift */ = {isa = PBXFileReference; lastKnownFileType = sourcecode.swift; path = HeroRepositorySpy.swift; sourceTree = "<group>"; };
		CED4CB3125A14AF200215702 /* HeroRepositoryProtocolTest.swift */ = {isa = PBXFileReference; lastKnownFileType = sourcecode.swift; path = HeroRepositoryProtocolTest.swift; sourceTree = "<group>"; };
/* End PBXFileReference section */

/* Begin PBXFrameworksBuildPhase section */
		CE9011C22582DB7400ECCC0A /* Frameworks */ = {
			isa = PBXFrameworksBuildPhase;
			buildActionMask = 2147483647;
			files = (
				0B401E5CC056C28D68BC8679 /* Pods_Intermedia_Code_Challenge.framework in Frameworks */,
			);
			runOnlyForDeploymentPostprocessing = 0;
		};
		CE9011D82582DB7700ECCC0A /* Frameworks */ = {
			isa = PBXFrameworksBuildPhase;
			buildActionMask = 2147483647;
			files = (
				D686F299D812E854721CADAD /* Pods_Intermedia_Code_ChallengeTests.framework in Frameworks */,
			);
			runOnlyForDeploymentPostprocessing = 0;
		};
		CE9011E32582DB7700ECCC0A /* Frameworks */ = {
			isa = PBXFrameworksBuildPhase;
			buildActionMask = 2147483647;
			files = (
				36C727D6EF048A6811860688 /* Pods_Intermedia_Code_Challenge_Intermedia_Code_ChallengeUITests.framework in Frameworks */,
			);
			runOnlyForDeploymentPostprocessing = 0;
		};
/* End PBXFrameworksBuildPhase section */

/* Begin PBXGroup section */
		058A53A2B9B1149EB2301DDF /* Frameworks */ = {
			isa = PBXGroup;
			children = (
				3C2A4831F8155E95E748FEA1 /* Pods_Intermedia_Code_Challenge.framework */,
				CE6C6DFAD37DE57D29807CD4 /* Pods_Intermedia_Code_Challenge_Intermedia_Code_ChallengeUITests.framework */,
				6C69698FCEA57D7424544F1E /* Pods_Intermedia_Code_ChallengeTests.framework */,
			);
			name = Frameworks;
			sourceTree = "<group>";
		};
		3036ED768BB61E6CD70C2E96 /* Pods */ = {
			isa = PBXGroup;
			children = (
				388CEB2923B0CA35211CBEE3 /* Pods-Intermedia Code Challenge.debug.xcconfig */,
				AE73A6CE3E84CDCAD8029F05 /* Pods-Intermedia Code Challenge.release.xcconfig */,
				AEF5FAA840AF9BA0617E77DC /* Pods-Intermedia Code Challenge-Intermedia Code ChallengeUITests.debug.xcconfig */,
				4029CEC140CD2DBAA8225B59 /* Pods-Intermedia Code Challenge-Intermedia Code ChallengeUITests.release.xcconfig */,
				B101683364171981C84F0293 /* Pods-Intermedia Code ChallengeTests.debug.xcconfig */,
				99546A73E2CCEDD71336B4D0 /* Pods-Intermedia Code ChallengeTests.release.xcconfig */,
			);
			path = Pods;
			sourceTree = "<group>";
		};
		CE05FE062585450C00BFCEBA /* Registration Screen */ = {
			isa = PBXGroup;
			children = (
				CE05FE1C2585557000BFCEBA /* Presentation */,
			);
			path = "Registration Screen";
			sourceTree = "<group>";
		};
		CE05FE1C2585557000BFCEBA /* Presentation */ = {
			isa = PBXGroup;
			children = (
				CE05FE1E2585558600BFCEBA /* View */,
				CE05FE1D2585557B00BFCEBA /* Presenter */,
			);
			path = Presentation;
			sourceTree = "<group>";
		};
		CE05FE1D2585557B00BFCEBA /* Presenter */ = {
			isa = PBXGroup;
			children = (
				CE05FE20258555AA00BFCEBA /* RegistrationPresenter.swift */,
			);
			path = Presenter;
			sourceTree = "<group>";
		};
		CE05FE1E2585558600BFCEBA /* View */ = {
			isa = PBXGroup;
			children = (
				CE31BAFF258AC2DA006B6E41 /* View */,
				CE31BAFE258AC2D3006B6E41 /* ViewController */,
			);
			path = View;
			sourceTree = "<group>";
		};
		CE05FE2825855B3C00BFCEBA /* View */ = {
			isa = PBXGroup;
			children = (
				CE31BAFD258AC2B6006B6E41 /* View */,
				CE31BAFC258AC2AF006B6E41 /* ViewController */,
			);
			path = View;
			sourceTree = "<group>";
		};
		CE05FE2925855B4400BFCEBA /* Presenter */ = {
			isa = PBXGroup;
			children = (
				CE05FE5225855E4600BFCEBA /* LoginPresenter.swift */,
			);
			path = Presenter;
			sourceTree = "<group>";
		};
		CE05FE9D2585867C00BFCEBA /* Presentation */ = {
			isa = PBXGroup;
			children = (
				CE05FE2825855B3C00BFCEBA /* View */,
				CE05FE2925855B4400BFCEBA /* Presenter */,
			);
			path = Presentation;
			sourceTree = "<group>";
		};
		CE05FE9E2585869300BFCEBA /* Presentation */ = {
			isa = PBXGroup;
			children = (
				CE05FEA0258586DA00BFCEBA /* View */,
				CE05FE9F258586D400BFCEBA /* Presenter */,
			);
			path = Presentation;
			sourceTree = "<group>";
		};
		CE05FE9F258586D400BFCEBA /* Presenter */ = {
			isa = PBXGroup;
			children = (
				CE05FEA12585871F00BFCEBA /* HeroPresenter.swift */,
			);
			path = Presenter;
			sourceTree = "<group>";
		};
		CE05FEA0258586DA00BFCEBA /* View */ = {
			isa = PBXGroup;
			children = (
				CE31BB01258AC315006B6E41 /* View */,
				CE31BB00258AC30D006B6E41 /* ViewController */,
			);
			path = View;
			sourceTree = "<group>";
		};
		CE05FEE12585A9B900BFCEBA /* AppResources */ = {
			isa = PBXGroup;
			children = (
				CE12E0F72590330C00E6F015 /* Animations */,
				CE90120A2582DCFE00ECCC0A /* Utils */,
				CE90120E2582DD0B00ECCC0A /* Custom Views */,
				CE05FEE22585A9E600BFCEBA /* Fonts */,
				CE9011D12582DB7700ECCC0A /* Assets.xcassets */,
			);
			path = AppResources;
			sourceTree = "<group>";
		};
		CE05FEE22585A9E600BFCEBA /* Fonts */ = {
			isa = PBXGroup;
			children = (
				CE05FEEB2585B63600BFCEBA /* Roboto-Regular.ttf */,
				CE05FEE32585AA2A00BFCEBA /* RobotoCondensed-Regular.ttf */,
			);
			path = Fonts;
			sourceTree = "<group>";
		};
		CE12DF27258E7E6100E6F015 /* DetailScreen */ = {
			isa = PBXGroup;
			children = (
				CE12DF2B258E80F800E6F015 /* Core */,
				CE12E003258FE5E600E6F015 /* Infrastructure */,
				CE12DF36258EA79E00E6F015 /* Presentation */,
			);
			path = DetailScreen;
			sourceTree = "<group>";
		};
		CE12DF2B258E80F800E6F015 /* Core */ = {
			isa = PBXGroup;
			children = (
				CE12DF2C258E80FD00E6F015 /* Model */,
				CE12E004258FE5F600E6F015 /* Service */,
			);
			path = Core;
			sourceTree = "<group>";
		};
		CE12DF2C258E80FD00E6F015 /* Model */ = {
			isa = PBXGroup;
			children = (
				CE12DF2E258E811300E6F015 /* ComicsModel.swift */,
			);
			path = Model;
			sourceTree = "<group>";
		};
		CE12DF36258EA79E00E6F015 /* Presentation */ = {
			isa = PBXGroup;
			children = (
				CE12DF38258EA7B400E6F015 /* View */,
				CE12DF37258EA7AC00E6F015 /* Presenter */,
			);
			path = Presentation;
			sourceTree = "<group>";
		};
		CE12DF37258EA7AC00E6F015 /* Presenter */ = {
			isa = PBXGroup;
			children = (
				CE12DF43258EA82F00E6F015 /* DetailPresenter.swift */,
			);
			path = Presenter;
			sourceTree = "<group>";
		};
		CE12DF38258EA7B400E6F015 /* View */ = {
			isa = PBXGroup;
			children = (
				CE12DF39258EA7BA00E6F015 /* View */,
				CE12DF3A258EA7BF00E6F015 /* ViewController */,
			);
			path = View;
			sourceTree = "<group>";
		};
		CE12DF39258EA7BA00E6F015 /* View */ = {
			isa = PBXGroup;
			children = (
				CE12E020258FFA9200E6F015 /* DetailView.swift */,
				CE12DFC2258FD3B800E6F015 /* Cells */,
			);
			path = View;
			sourceTree = "<group>";
		};
		CE12DF3A258EA7BF00E6F015 /* ViewController */ = {
			isa = PBXGroup;
			children = (
				CE12DF3B258EA7DA00E6F015 /* DetailViewController.swift */,
				CE12DFF8258FE37600E6F015 /* DetailViewController+Extension.swift */,
				CE12DF48258EA84A00E6F015 /* DetailViewControllerProtocol.swift */,
			);
			path = ViewController;
			sourceTree = "<group>";
		};
		CE12DFC2258FD3B800E6F015 /* Cells */ = {
			isa = PBXGroup;
			children = (
				CE12DFD0258FDBA100E6F015 /* ImageTableViewCell */,
				CE12DFD1258FDBAD00E6F015 /* DescriptionTableViewCell */,
				CE12DFDC258FDEC900E6F015 /* TitleTableViewCell */,
				CE12DFE7258FE00F00E6F015 /* ComicTableViewCell */,
			);
			path = Cells;
			sourceTree = "<group>";
		};
		CE12DFD0258FDBA100E6F015 /* ImageTableViewCell */ = {
			isa = PBXGroup;
			children = (
				CE12DFC9258FD4E500E6F015 /* ImageTableViewCell.swift */,
				CE12DFCA258FD4E500E6F015 /* ImageTableViewCell.xib */,
			);
			path = ImageTableViewCell;
			sourceTree = "<group>";
		};
		CE12DFD1258FDBAD00E6F015 /* DescriptionTableViewCell */ = {
			isa = PBXGroup;
			children = (
				CE12DFD2258FDBC200E6F015 /* DescriptionTableViewCell.swift */,
				CE12DFD3258FDBC200E6F015 /* DescriptionTableViewCell.xib */,
			);
			path = DescriptionTableViewCell;
			sourceTree = "<group>";
		};
		CE12DFDC258FDEC900E6F015 /* TitleTableViewCell */ = {
			isa = PBXGroup;
			children = (
				CE12DFDD258FDEDD00E6F015 /* TitleTableViewCell.swift */,
				CE12DFDE258FDEDD00E6F015 /* TitleTableViewCell.xib */,
			);
			path = TitleTableViewCell;
			sourceTree = "<group>";
		};
		CE12DFE7258FE00F00E6F015 /* ComicTableViewCell */ = {
			isa = PBXGroup;
			children = (
				CE12DFE8258FE02600E6F015 /* ComicTableViewCell.swift */,
				CE12DFE9258FE02600E6F015 /* ComicTableViewCell.xib */,
			);
			path = ComicTableViewCell;
			sourceTree = "<group>";
		};
		CE12E003258FE5E600E6F015 /* Infrastructure */ = {
			isa = PBXGroup;
			children = (
				CE12E005258FE60700E6F015 /* Repository */,
			);
			path = Infrastructure;
			sourceTree = "<group>";
		};
		CE12E004258FE5F600E6F015 /* Service */ = {
			isa = PBXGroup;
			children = (
				CE12E010258FE79000E6F015 /* ComicsService.swift */,
				CE12E015258FE79B00E6F015 /* ComicsServiceProtocol.swift */,
			);
			path = Service;
			sourceTree = "<group>";
		};
		CE12E005258FE60700E6F015 /* Repository */ = {
			isa = PBXGroup;
			children = (
				CE12E006258FE62B00E6F015 /* DetailScreenRepository.swift */,
				CE12E00B258FE64000E6F015 /* DetailScreenRepositoryProtocol.swift */,
			);
			path = Repository;
			sourceTree = "<group>";
		};
		CE12E0772590023F00E6F015 /* Infrastructure */ = {
			isa = PBXGroup;
			children = (
				CE12E07A2590026A00E6F015 /* Repository */,
			);
			path = Infrastructure;
			sourceTree = "<group>";
		};
		CE12E0782590024600E6F015 /* Core */ = {
			isa = PBXGroup;
			children = (
				CE12E07B2590027500E6F015 /* Model */,
				CE12E07C2590027A00E6F015 /* Service */,
			);
			path = Core;
			sourceTree = "<group>";
		};
		CE12E0792590025B00E6F015 /* Presenter */ = {
			isa = PBXGroup;
			children = (
				CE12E0A12590089500E6F015 /* EventsPresenter.swift */,
			);
			path = "\U0010Presenter";
			sourceTree = "<group>";
		};
		CE12E07A2590026A00E6F015 /* Repository */ = {
			isa = PBXGroup;
			children = (
				CE12E0992590076600E6F015 /* EventsScreenRepository.swift */,
				CE12E0912590075B00E6F015 /* EventsScreenRepositoryProtocol.swift */,
			);
			path = Repository;
			sourceTree = "<group>";
		};
		CE12E07B2590027500E6F015 /* Model */ = {
			isa = PBXGroup;
			children = (
				CE12E07E259002C300E6F015 /* EventsModel.swift */,
			);
			path = Model;
			sourceTree = "<group>";
		};
		CE12E07C2590027A00E6F015 /* Service */ = {
			isa = PBXGroup;
			children = (
				CE12E086259006DC00E6F015 /* StoriesService.swift */,
				CE12E08B259006E500E6F015 /* StoriesServiceProtocol.swift */,
			);
			path = Service;
			sourceTree = "<group>";
		};
		CE12E0C42590179A00E6F015 /* Cells */ = {
			isa = PBXGroup;
			children = (
				CE12E0C5259017A700E6F015 /* EventsTableViewCell.swift */,
				CE12E0C6259017A700E6F015 /* EventsTableViewCell.xib */,
			);
			path = Cells;
			sourceTree = "<group>";
		};
		CE12E0CF25901BF000E6F015 /* ViewController */ = {
			isa = PBXGroup;
			children = (
				CE12E0A6259008C500E6F015 /* EventsViewControllerProtocol.swift */,
				CE7476462586A6B200C63A77 /* EventsViewController.swift */,
				CE12E0FD259034A200E6F015 /* EventsViewController+Extension.swift */,
			);
			path = ViewController;
			sourceTree = "<group>";
		};
		CE12E0F72590330C00E6F015 /* Animations */ = {
			isa = PBXGroup;
			children = (
				CE12E06F2590019100E6F015 /* loading.json */,
			);
			path = Animations;
			sourceTree = "<group>";
		};
		CE12E0F82590334E00E6F015 /* BaseViewController */ = {
			isa = PBXGroup;
			children = (
				CE05FEA925858A2A00BFCEBA /* BaseViewControllerProtocol.swift */,
				CE9012172582DD5B00ECCC0A /* BaseViewController.swift */,
			);
			path = BaseViewController;
			sourceTree = "<group>";
		};
		CE12E0FC2590346900E6F015 /* Views */ = {
			isa = PBXGroup;
			children = (
				CE12E0D025901C0200E6F015 /* EventsView.swift */,
				CE12E0C42590179A00E6F015 /* Cells */,
			);
			path = Views;
			sourceTree = "<group>";
		};
		CE31BAFC258AC2AF006B6E41 /* ViewController */ = {
			isa = PBXGroup;
			children = (
				CE05FE3425855C1700BFCEBA /* LoginViewControlller.swift */,
			);
			path = ViewController;
			sourceTree = "<group>";
		};
		CE31BAFD258AC2B6006B6E41 /* View */ = {
			isa = PBXGroup;
			children = (
				CE05FE4425855C9700BFCEBA /* LoginView.swift */,
				CE05FEB125858A5000BFCEBA /* LoginViewProtocol.swift */,
			);
			path = View;
			sourceTree = "<group>";
		};
		CE31BAFE258AC2D3006B6E41 /* ViewController */ = {
			isa = PBXGroup;
			children = (
				CE05FE072585452500BFCEBA /* RegistrationViewController.swift */,
				CE05FEB625858A6800BFCEBA /* RegisterViewProtocol.swift */,
			);
			path = ViewController;
			sourceTree = "<group>";
		};
		CE31BAFF258AC2DA006B6E41 /* View */ = {
			isa = PBXGroup;
			children = (
				CE05FE0F2585453200BFCEBA /* RegisterView.swift */,
			);
			path = View;
			sourceTree = "<group>";
		};
		CE31BB00258AC30D006B6E41 /* ViewController */ = {
			isa = PBXGroup;
			children = (
				CE9012272582DEE500ECCC0A /* HeroViewController.swift */,
				CE12DF1F258E649000E6F015 /* HeroViewController+Extension.swift */,
				CE05FEBB25858A8400BFCEBA /* HeroViewControllerProtocol.swift */,
			);
			path = ViewController;
			sourceTree = "<group>";
		};
		CE31BB01258AC315006B6E41 /* View */ = {
			isa = PBXGroup;
			children = (
				CED2D7D12587043F002379F3 /* HeroCell.swift */,
				CED2DC872588E233002379F3 /* HeroView.swift */,
			);
			path = View;
			sourceTree = "<group>";
		};
		CE31BCE5258BBB62006B6E41 /* Repository */ = {
			isa = PBXGroup;
			children = (
				CE31BCE6258BBB78006B6E41 /* HeroRepository.swift */,
				CE31BD0D258C0E9E006B6E41 /* HeroRepositoryProtocol.swift */,
			);
			path = Repository;
			sourceTree = "<group>";
		};
		CE31BCEE258BE754006B6E41 /* Infrastructure */ = {
			isa = PBXGroup;
			children = (
				CE31BCE5258BBB62006B6E41 /* Repository */,
			);
			path = Infrastructure;
			sourceTree = "<group>";
		};
		CE31BCEF258BE779006B6E41 /* Core */ = {
			isa = PBXGroup;
			children = (
				CED2DB8B25881B5A002379F3 /* Model */,
				CE31BD12258C1110006B6E41 /* Service */,
			);
			path = Core;
			sourceTree = "<group>";
		};
		CE31BD12258C1110006B6E41 /* Service */ = {
			isa = PBXGroup;
			children = (
				CE31BD13258C111E006B6E41 /* HeroService.swift */,
				CE31BD1B258C112A006B6E41 /* HeroServiceProtocol.swift */,
			);
			path = Service;
			sourceTree = "<group>";
		};
		CE7476412586A63D00C63A77 /* Events Screen */ = {
			isa = PBXGroup;
			children = (
				CE12E0782590024600E6F015 /* Core */,
				CE12E0772590023F00E6F015 /* Infrastructure */,
				CE7476422586A67E00C63A77 /* Presentation */,
			);
			path = "Events Screen";
			sourceTree = "<group>";
		};
		CE7476422586A67E00C63A77 /* Presentation */ = {
			isa = PBXGroup;
			children = (
				CE7476442586A68F00C63A77 /* View */,
				CE12E0792590025B00E6F015 /* Presenter */,
			);
			path = Presentation;
			sourceTree = "<group>";
		};
		CE7476442586A68F00C63A77 /* View */ = {
			isa = PBXGroup;
			children = (
				CE12E0FC2590346900E6F015 /* Views */,
				CE12E0CF25901BF000E6F015 /* ViewController */,
			);
			path = View;
			sourceTree = "<group>";
		};
		CE9011BC2582DB7400ECCC0A = {
			isa = PBXGroup;
			children = (
				CE9011C72582DB7400ECCC0A /* Intermedia Code Challenge */,
				CE9011DE2582DB7700ECCC0A /* Intermedia Code ChallengeTests */,
				CE9011E92582DB7700ECCC0A /* Intermedia Code ChallengeUITests */,
				CE9011C62582DB7400ECCC0A /* Products */,
				3036ED768BB61E6CD70C2E96 /* Pods */,
				058A53A2B9B1149EB2301DDF /* Frameworks */,
			);
			sourceTree = "<group>";
		};
		CE9011C62582DB7400ECCC0A /* Products */ = {
			isa = PBXGroup;
			children = (
				CE9011C52582DB7400ECCC0A /* Intermedia Code Challenge.app */,
				CE9011DB2582DB7700ECCC0A /* Intermedia Code ChallengeTests.xctest */,
				CE9011E62582DB7700ECCC0A /* Intermedia Code ChallengeUITests.xctest */,
			);
			name = Products;
			sourceTree = "<group>";
		};
		CE9011C72582DB7400ECCC0A /* Intermedia Code Challenge */ = {
			isa = PBXGroup;
			children = (
				CE9011FB2582DB8C00ECCC0A /* Support Files */,
				CE05FEE12585A9B900BFCEBA /* AppResources */,
				CE9012212582DDB000ECCC0A /* App */,
				CE9011D62582DB7700ECCC0A /* Info.plist */,
				CE90129B2582EEA600ECCC0A /* GoogleService-Info.plist */,
				CEB6F8042589833F00CED9EB /* MVAPI-Info.plist */,
			);
			path = "Intermedia Code Challenge";
			sourceTree = "<group>";
		};
		CE9011DE2582DB7700ECCC0A /* Intermedia Code ChallengeTests */ = {
			isa = PBXGroup;
			children = (
				CED4CA9F25A0FD6900215702 /* Unit Tests */,
				CED4C968259CC45E00215702 /* UITests */,
				CE9011DF2582DB7700ECCC0A /* Intermedia_Code_ChallengeTests.swift */,
				CE9011E12582DB7700ECCC0A /* Info.plist */,
			);
			path = "Intermedia Code ChallengeTests";
			sourceTree = "<group>";
		};
		CE9011E92582DB7700ECCC0A /* Intermedia Code ChallengeUITests */ = {
			isa = PBXGroup;
			children = (
				CE9011EA2582DB7700ECCC0A /* Intermedia_Code_ChallengeUITests.swift */,
				CE9011EC2582DB7700ECCC0A /* Info.plist */,
			);
			path = "Intermedia Code ChallengeUITests";
			sourceTree = "<group>";
		};
		CE9011FB2582DB8C00ECCC0A /* Support Files */ = {
			isa = PBXGroup;
			children = (
				CE9011CA2582DB7400ECCC0A /* SceneDelegate.swift */,
				CE9011C82582DB7400ECCC0A /* AppDelegate.swift */,
			);
			path = "Support Files";
			sourceTree = "<group>";
		};
		CE90120A2582DCFE00ECCC0A /* Utils */ = {
			isa = PBXGroup;
			children = (
				CE90121C2582DD9600ECCC0A /* Constants.swift */,
				CE90120F2582DD3B00ECCC0A /* UIKit+Extension.swift */,
				CE9012B42582FC9900ECCC0A /* UIImageView+Extension.swift */,
				CEB6F80C2589852000CED9EB /* String+Extension.swift */,
				CE05FE6A2585678C00BFCEBA /* FirebasePresenter.swift */,
			);
			path = Utils;
			sourceTree = "<group>";
		};
		CE90120E2582DD0B00ECCC0A /* Custom Views */ = {
			isa = PBXGroup;
			children = (
				CE12E0F82590334E00E6F015 /* BaseViewController */,
				CE05FE172585480900BFCEBA /* FirebaseView.swift */,
				CE9012AF2582F0CD00ECCC0A /* CustomButton.swift */,
				CE9012BF2583036100ECCC0A /* CustomTextField.swift */,
				CE7476692586B8C200C63A77 /* CustomTabBarController.swift */,
			);
			path = "Custom Views";
			sourceTree = "<group>";
		};
		CE9012212582DDB000ECCC0A /* App */ = {
			isa = PBXGroup;
			children = (
				CEB6F7ED2589733C00CED9EB /* Networking */,
				CE9012A02582F08400ECCC0A /* Login Screen  */,
				CE05FE062585450C00BFCEBA /* Registration Screen */,
				CE9012252582DEC700ECCC0A /* Hero Screen */,
				CE12DF27258E7E6100E6F015 /* DetailScreen */,
				CE7476412586A63D00C63A77 /* Events Screen */,
			);
			path = App;
			sourceTree = "<group>";
		};
		CE9012252582DEC700ECCC0A /* Hero Screen */ = {
			isa = PBXGroup;
			children = (
				CE31BCEF258BE779006B6E41 /* Core */,
				CE31BCEE258BE754006B6E41 /* Infrastructure */,
				CE05FE9E2585869300BFCEBA /* Presentation */,
			);
			path = "Hero Screen";
			sourceTree = "<group>";
		};
		CE9012A02582F08400ECCC0A /* Login Screen  */ = {
			isa = PBXGroup;
			children = (
				CE05FE9D2585867C00BFCEBA /* Presentation */,
			);
			path = "Login Screen ";
			sourceTree = "<group>";
		};
		CEB6F7ED2589733C00CED9EB /* Networking */ = {
			isa = PBXGroup;
			children = (
				CEB6F7EE2589735200CED9EB /* NetworkingClient.swift */,
			);
			path = Networking;
			sourceTree = "<group>";
		};
		CED2DB8B25881B5A002379F3 /* Model */ = {
			isa = PBXGroup;
			children = (
				CED2DB8D25881B70002379F3 /* HeroModel.swift */,
			);
			path = Model;
			sourceTree = "<group>";
		};
		CED4C968259CC45E00215702 /* UITests */ = {
			isa = PBXGroup;
			children = (
				CED4C969259CC47700215702 /* AppResources */,
				CED4CA4E259D0D7500215702 /* App */,
			);
			path = UITests;
			sourceTree = "<group>";
		};
		CED4C969259CC47700215702 /* AppResources */ = {
			isa = PBXGroup;
			children = (
				CED4C96A259CC47F00215702 /* Custom Views */,
			);
			path = AppResources;
			sourceTree = "<group>";
		};
		CED4C96A259CC47F00215702 /* Custom Views */ = {
			isa = PBXGroup;
			children = (
				CED4C963259CC1D000215702 /* FirebaseViewSnapshotTestCases.swift */,
				CED4C96B259CC49D00215702 /* CustomButtonSnapshotTestCases.swift */,
				CED4CA49259CFBB700215702 /* CustomTextViewSnapshotTestCases.swift */,
			);
			path = "Custom Views";
			sourceTree = "<group>";
		};
		CED4CA4E259D0D7500215702 /* App */ = {
			isa = PBXGroup;
			children = (
				CED4CA4F259D0D8500215702 /* Login Screen */,
				CED4CA58259E43D900215702 /* Registration Screen */,
				CED4CA83259E46BF00215702 /* Hero Screen */,
			);
			path = App;
			sourceTree = "<group>";
		};
		CED4CA4F259D0D8500215702 /* Login Screen */ = {
			isa = PBXGroup;
			children = (
				CED4CA50259D0D9C00215702 /* LoginViewSnapshotTestCases.swift */,
			);
			path = "Login Screen";
			sourceTree = "<group>";
		};
		CED4CA58259E43D900215702 /* Registration Screen */ = {
			isa = PBXGroup;
			children = (
				CED4CA7E259E457700215702 /* RegisterViewSnapshotTestCases.swift */,
			);
			path = "Registration Screen";
			sourceTree = "<group>";
		};
		CED4CA83259E46BF00215702 /* Hero Screen */ = {
			isa = PBXGroup;
			children = (
				CED4CA84259E46DE00215702 /* HeroCellSnapshotTestCases.swift */,
			);
			path = "Hero Screen";
			sourceTree = "<group>";
		};
		CED4CA9F25A0FD6900215702 /* Unit Tests */ = {
			isa = PBXGroup;
			children = (
				CED4CAB325A101B700215702 /* AppResources */,
				CED4CACF25A13B2300215702 /* App */,
			);
			path = "Unit Tests";
			sourceTree = "<group>";
		};
		CED4CAB325A101B700215702 /* AppResources */ = {
			isa = PBXGroup;
			children = (
				CED4CAB425A101DC00215702 /* Custom Views */,
			);
			path = AppResources;
			sourceTree = "<group>";
		};
		CED4CAB425A101DC00215702 /* Custom Views */ = {
			isa = PBXGroup;
			children = (
				CED4CAB525A101E500215702 /* BaseViewController */,
			);
			path = "Custom Views";
			sourceTree = "<group>";
		};
		CED4CAB525A101E500215702 /* BaseViewController */ = {
			isa = PBXGroup;
			children = (
				CED4CAB725A1021000215702 /* BaseViewControllerSpy.swift */,
				CED4CABF25A1030B00215702 /* BaseViewControllerProtocolTest.swift */,
			);
			path = BaseViewController;
			sourceTree = "<group>";
		};
		CED4CACF25A13B2300215702 /* App */ = {
			isa = PBXGroup;
			children = (
				CED4CAD025A13B5300215702 /* Login Screen */,
				CED4CB0725A1450000215702 /* Registration Screen */,
				CED4CB1B25A1461800215702 /* Hero Screen */,
			);
			path = App;
			sourceTree = "<group>";
		};
		CED4CAD025A13B5300215702 /* Login Screen */ = {
			isa = PBXGroup;
			children = (
				CED4CAE125A13D1400215702 /* Presentation */,
			);
			path = "Login Screen";
			sourceTree = "<group>";
		};
		CED4CAE125A13D1400215702 /* Presentation */ = {
			isa = PBXGroup;
			children = (
				CED4CAFA25A1408A00215702 /* View */,
			);
			path = Presentation;
			sourceTree = "<group>";
		};
		CED4CAE225A13D2000215702 /* View */ = {
			isa = PBXGroup;
			children = (
				CED4CAEC25A13F6D00215702 /* LoginViewSpy.swift */,
				CED4CAF425A13FAE00215702 /* LoginViewProtocolTest.swift */,
			);
			path = View;
			sourceTree = "<group>";
		};
		CED4CAE325A13D2700215702 /* ViewController */ = {
			isa = PBXGroup;
			children = (
				CED4CAD925A13C1000215702 /* LoginSpy.swift */,
				CED4CAE425A13D4E00215702 /* LoginViewControllerProtocol.swift */,
			);
			path = ViewController;
			sourceTree = "<group>";
		};
		CED4CAFA25A1408A00215702 /* View */ = {
			isa = PBXGroup;
			children = (
				CED4CAE225A13D2000215702 /* View */,
				CED4CAE325A13D2700215702 /* ViewController */,
			);
			path = View;
			sourceTree = "<group>";
		};
		CED4CB0725A1450000215702 /* Registration Screen */ = {
			isa = PBXGroup;
			children = (
				CED4CB0825A1450E00215702 /* Presentation */,
			);
			path = "Registration Screen";
			sourceTree = "<group>";
		};
		CED4CB0825A1450E00215702 /* Presentation */ = {
			isa = PBXGroup;
			children = (
				CED4CB0925A1451800215702 /* View */,
			);
			path = Presentation;
			sourceTree = "<group>";
		};
		CED4CB0925A1451800215702 /* View */ = {
			isa = PBXGroup;
			children = (
				CED4CB0A25A1453300215702 /* RegisterViewSpy.swift */,
				CED4CB1325A1457F00215702 /* RegisterViewProtocolTest.swift */,
			);
			path = View;
			sourceTree = "<group>";
		};
		CED4CB1B25A1461800215702 /* Hero Screen */ = {
			isa = PBXGroup;
			children = (
				CED4CB1C25A1467800215702 /* Core */,
				CED4CB2725A149A000215702 /* Infrastructure */,
			);
			path = "Hero Screen";
			sourceTree = "<group>";
		};
		CED4CB1C25A1467800215702 /* Core */ = {
			isa = PBXGroup;
			children = (
				CED4CB1D25A1468200215702 /* Model */,
				CED4CB2625A1497C00215702 /* Service */,
			);
			path = Core;
			sourceTree = "<group>";
		};
		CED4CB1D25A1468200215702 /* Model */ = {
			isa = PBXGroup;
			children = (
				CED4CB1E25A1484000215702 /* HeroMockModel.swift */,
			);
			path = Model;
			sourceTree = "<group>";
		};
		CED4CB2625A1497C00215702 /* Service */ = {
			isa = PBXGroup;
			children = (
			);
			path = "\U0010Service";
			sourceTree = "<group>";
		};
		CED4CB2725A149A000215702 /* Infrastructure */ = {
			isa = PBXGroup;
			children = (
				CED4CB2825A149AD00215702 /* Repository */,
			);
			path = Infrastructure;
			sourceTree = "<group>";
		};
		CED4CB2825A149AD00215702 /* Repository */ = {
			isa = PBXGroup;
			children = (
				CED4CB2925A14A6500215702 /* HeroRepositorySpy.swift */,
				CED4CB3125A14AF200215702 /* HeroRepositoryProtocolTest.swift */,
			);
			path = Repository;
			sourceTree = "<group>";
		};
/* End PBXGroup section */

/* Begin PBXNativeTarget section */
		CE9011C42582DB7400ECCC0A /* Intermedia Code Challenge */ = {
			isa = PBXNativeTarget;
			buildConfigurationList = CE9011EF2582DB7700ECCC0A /* Build configuration list for PBXNativeTarget "Intermedia Code Challenge" */;
			buildPhases = (
				F453A50D5A59CE7E46077F66 /* [CP] Check Pods Manifest.lock */,
				CE9011C12582DB7400ECCC0A /* Sources */,
				CE9011C22582DB7400ECCC0A /* Frameworks */,
				CE9011C32582DB7400ECCC0A /* Resources */,
				822F6DE26D6DCEDA165CBC8C /* [CP] Embed Pods Frameworks */,
			);
			buildRules = (
			);
			dependencies = (
			);
			name = "Intermedia Code Challenge";
			productName = "Intermedia Code Challenge";
			productReference = CE9011C52582DB7400ECCC0A /* Intermedia Code Challenge.app */;
			productType = "com.apple.product-type.application";
		};
		CE9011DA2582DB7700ECCC0A /* Intermedia Code ChallengeTests */ = {
			isa = PBXNativeTarget;
			buildConfigurationList = CE9011F22582DB7700ECCC0A /* Build configuration list for PBXNativeTarget "Intermedia Code ChallengeTests" */;
			buildPhases = (
				13BC26AABC024377CDE32B69 /* [CP] Check Pods Manifest.lock */,
				CE9011D72582DB7700ECCC0A /* Sources */,
				CE9011D82582DB7700ECCC0A /* Frameworks */,
				CE9011D92582DB7700ECCC0A /* Resources */,
				0D5972B96EC057B5B89F0E3D /* [CP] Embed Pods Frameworks */,
			);
			buildRules = (
			);
			dependencies = (
				CE9011DD2582DB7700ECCC0A /* PBXTargetDependency */,
			);
			name = "Intermedia Code ChallengeTests";
			productName = "Intermedia Code ChallengeTests";
			productReference = CE9011DB2582DB7700ECCC0A /* Intermedia Code ChallengeTests.xctest */;
			productType = "com.apple.product-type.bundle.unit-test";
		};
		CE9011E52582DB7700ECCC0A /* Intermedia Code ChallengeUITests */ = {
			isa = PBXNativeTarget;
			buildConfigurationList = CE9011F52582DB7700ECCC0A /* Build configuration list for PBXNativeTarget "Intermedia Code ChallengeUITests" */;
			buildPhases = (
				FC97D88D5FFADAF030054D52 /* [CP] Check Pods Manifest.lock */,
				CE9011E22582DB7700ECCC0A /* Sources */,
				CE9011E32582DB7700ECCC0A /* Frameworks */,
				CE9011E42582DB7700ECCC0A /* Resources */,
				B2173C2216629E673E127005 /* [CP] Embed Pods Frameworks */,
			);
			buildRules = (
			);
			dependencies = (
				CE9011E82582DB7700ECCC0A /* PBXTargetDependency */,
			);
			name = "Intermedia Code ChallengeUITests";
			productName = "Intermedia Code ChallengeUITests";
			productReference = CE9011E62582DB7700ECCC0A /* Intermedia Code ChallengeUITests.xctest */;
			productType = "com.apple.product-type.bundle.ui-testing";
		};
/* End PBXNativeTarget section */

/* Begin PBXProject section */
		CE9011BD2582DB7400ECCC0A /* Project object */ = {
			isa = PBXProject;
			attributes = {
				LastSwiftUpdateCheck = 1210;
				LastUpgradeCheck = 1210;
				TargetAttributes = {
					CE9011C42582DB7400ECCC0A = {
						CreatedOnToolsVersion = 12.1;
					};
					CE9011DA2582DB7700ECCC0A = {
						CreatedOnToolsVersion = 12.1;
						TestTargetID = CE9011C42582DB7400ECCC0A;
					};
					CE9011E52582DB7700ECCC0A = {
						CreatedOnToolsVersion = 12.1;
						TestTargetID = CE9011C42582DB7400ECCC0A;
					};
				};
			};
			buildConfigurationList = CE9011C02582DB7400ECCC0A /* Build configuration list for PBXProject "Intermedia Code Challenge" */;
			compatibilityVersion = "Xcode 9.3";
			developmentRegion = en;
			hasScannedForEncodings = 0;
			knownRegions = (
				en,
				Base,
			);
			mainGroup = CE9011BC2582DB7400ECCC0A;
			productRefGroup = CE9011C62582DB7400ECCC0A /* Products */;
			projectDirPath = "";
			projectRoot = "";
			targets = (
				CE9011C42582DB7400ECCC0A /* Intermedia Code Challenge */,
				CE9011DA2582DB7700ECCC0A /* Intermedia Code ChallengeTests */,
				CE9011E52582DB7700ECCC0A /* Intermedia Code ChallengeUITests */,
			);
		};
/* End PBXProject section */

/* Begin PBXResourcesBuildPhase section */
		CE9011C32582DB7400ECCC0A /* Resources */ = {
			isa = PBXResourcesBuildPhase;
			buildActionMask = 2147483647;
			files = (
				CE12E0702590019100E6F015 /* loading.json in Resources */,
				CE12DFCC258FD4E500E6F015 /* ImageTableViewCell.xib in Resources */,
				CE05FEE42585AA2A00BFCEBA /* RobotoCondensed-Regular.ttf in Resources */,
				CEB6F8052589833F00CED9EB /* MVAPI-Info.plist in Resources */,
				CE12DFD5258FDBC200E6F015 /* DescriptionTableViewCell.xib in Resources */,
				CE12DFEB258FE02600E6F015 /* ComicTableViewCell.xib in Resources */,
				CE9011D22582DB7700ECCC0A /* Assets.xcassets in Resources */,
				CE12E0C8259017A700E6F015 /* EventsTableViewCell.xib in Resources */,
				CE12DFE0258FDEDD00E6F015 /* TitleTableViewCell.xib in Resources */,
				CE05FEEC2585B63600BFCEBA /* Roboto-Regular.ttf in Resources */,
				CE90129C2582EEA600ECCC0A /* GoogleService-Info.plist in Resources */,
			);
			runOnlyForDeploymentPostprocessing = 0;
		};
		CE9011D92582DB7700ECCC0A /* Resources */ = {
			isa = PBXResourcesBuildPhase;
			buildActionMask = 2147483647;
			files = (
			);
			runOnlyForDeploymentPostprocessing = 0;
		};
		CE9011E42582DB7700ECCC0A /* Resources */ = {
			isa = PBXResourcesBuildPhase;
			buildActionMask = 2147483647;
			files = (
			);
			runOnlyForDeploymentPostprocessing = 0;
		};
/* End PBXResourcesBuildPhase section */

/* Begin PBXShellScriptBuildPhase section */
		0D5972B96EC057B5B89F0E3D /* [CP] Embed Pods Frameworks */ = {
			isa = PBXShellScriptBuildPhase;
			buildActionMask = 2147483647;
			files = (
			);
			inputFileListPaths = (
				"${PODS_ROOT}/Target Support Files/Pods-Intermedia Code ChallengeTests/Pods-Intermedia Code ChallengeTests-frameworks-${CONFIGURATION}-input-files.xcfilelist",
			);
			name = "[CP] Embed Pods Frameworks";
			outputFileListPaths = (
				"${PODS_ROOT}/Target Support Files/Pods-Intermedia Code ChallengeTests/Pods-Intermedia Code ChallengeTests-frameworks-${CONFIGURATION}-output-files.xcfilelist",
			);
			runOnlyForDeploymentPostprocessing = 0;
			shellPath = /bin/sh;
			shellScript = "\"${PODS_ROOT}/Target Support Files/Pods-Intermedia Code ChallengeTests/Pods-Intermedia Code ChallengeTests-frameworks.sh\"\n";
			showEnvVarsInLog = 0;
		};
		13BC26AABC024377CDE32B69 /* [CP] Check Pods Manifest.lock */ = {
			isa = PBXShellScriptBuildPhase;
			buildActionMask = 2147483647;
			files = (
			);
			inputFileListPaths = (
			);
			inputPaths = (
				"${PODS_PODFILE_DIR_PATH}/Podfile.lock",
				"${PODS_ROOT}/Manifest.lock",
			);
			name = "[CP] Check Pods Manifest.lock";
			outputFileListPaths = (
			);
			outputPaths = (
				"$(DERIVED_FILE_DIR)/Pods-Intermedia Code ChallengeTests-checkManifestLockResult.txt",
			);
			runOnlyForDeploymentPostprocessing = 0;
			shellPath = /bin/sh;
			shellScript = "diff \"${PODS_PODFILE_DIR_PATH}/Podfile.lock\" \"${PODS_ROOT}/Manifest.lock\" > /dev/null\nif [ $? != 0 ] ; then\n    # print error to STDERR\n    echo \"error: The sandbox is not in sync with the Podfile.lock. Run 'pod install' or update your CocoaPods installation.\" >&2\n    exit 1\nfi\n# This output is used by Xcode 'outputs' to avoid re-running this script phase.\necho \"SUCCESS\" > \"${SCRIPT_OUTPUT_FILE_0}\"\n";
			showEnvVarsInLog = 0;
		};
		822F6DE26D6DCEDA165CBC8C /* [CP] Embed Pods Frameworks */ = {
			isa = PBXShellScriptBuildPhase;
			buildActionMask = 2147483647;
			files = (
			);
			inputFileListPaths = (
				"${PODS_ROOT}/Target Support Files/Pods-Intermedia Code Challenge/Pods-Intermedia Code Challenge-frameworks-${CONFIGURATION}-input-files.xcfilelist",
			);
			name = "[CP] Embed Pods Frameworks";
			outputFileListPaths = (
				"${PODS_ROOT}/Target Support Files/Pods-Intermedia Code Challenge/Pods-Intermedia Code Challenge-frameworks-${CONFIGURATION}-output-files.xcfilelist",
			);
			runOnlyForDeploymentPostprocessing = 0;
			shellPath = /bin/sh;
			shellScript = "\"${PODS_ROOT}/Target Support Files/Pods-Intermedia Code Challenge/Pods-Intermedia Code Challenge-frameworks.sh\"\n";
			showEnvVarsInLog = 0;
		};
		B2173C2216629E673E127005 /* [CP] Embed Pods Frameworks */ = {
			isa = PBXShellScriptBuildPhase;
			buildActionMask = 2147483647;
			files = (
			);
			inputFileListPaths = (
				"${PODS_ROOT}/Target Support Files/Pods-Intermedia Code Challenge-Intermedia Code ChallengeUITests/Pods-Intermedia Code Challenge-Intermedia Code ChallengeUITests-frameworks-${CONFIGURATION}-input-files.xcfilelist",
			);
			name = "[CP] Embed Pods Frameworks";
			outputFileListPaths = (
				"${PODS_ROOT}/Target Support Files/Pods-Intermedia Code Challenge-Intermedia Code ChallengeUITests/Pods-Intermedia Code Challenge-Intermedia Code ChallengeUITests-frameworks-${CONFIGURATION}-output-files.xcfilelist",
			);
			runOnlyForDeploymentPostprocessing = 0;
			shellPath = /bin/sh;
			shellScript = "\"${PODS_ROOT}/Target Support Files/Pods-Intermedia Code Challenge-Intermedia Code ChallengeUITests/Pods-Intermedia Code Challenge-Intermedia Code ChallengeUITests-frameworks.sh\"\n";
			showEnvVarsInLog = 0;
		};
		F453A50D5A59CE7E46077F66 /* [CP] Check Pods Manifest.lock */ = {
			isa = PBXShellScriptBuildPhase;
			buildActionMask = 2147483647;
			files = (
			);
			inputFileListPaths = (
			);
			inputPaths = (
				"${PODS_PODFILE_DIR_PATH}/Podfile.lock",
				"${PODS_ROOT}/Manifest.lock",
			);
			name = "[CP] Check Pods Manifest.lock";
			outputFileListPaths = (
			);
			outputPaths = (
				"$(DERIVED_FILE_DIR)/Pods-Intermedia Code Challenge-checkManifestLockResult.txt",
			);
			runOnlyForDeploymentPostprocessing = 0;
			shellPath = /bin/sh;
			shellScript = "diff \"${PODS_PODFILE_DIR_PATH}/Podfile.lock\" \"${PODS_ROOT}/Manifest.lock\" > /dev/null\nif [ $? != 0 ] ; then\n    # print error to STDERR\n    echo \"error: The sandbox is not in sync with the Podfile.lock. Run 'pod install' or update your CocoaPods installation.\" >&2\n    exit 1\nfi\n# This output is used by Xcode 'outputs' to avoid re-running this script phase.\necho \"SUCCESS\" > \"${SCRIPT_OUTPUT_FILE_0}\"\n";
			showEnvVarsInLog = 0;
		};
		FC97D88D5FFADAF030054D52 /* [CP] Check Pods Manifest.lock */ = {
			isa = PBXShellScriptBuildPhase;
			buildActionMask = 2147483647;
			files = (
			);
			inputFileListPaths = (
			);
			inputPaths = (
				"${PODS_PODFILE_DIR_PATH}/Podfile.lock",
				"${PODS_ROOT}/Manifest.lock",
			);
			name = "[CP] Check Pods Manifest.lock";
			outputFileListPaths = (
			);
			outputPaths = (
				"$(DERIVED_FILE_DIR)/Pods-Intermedia Code Challenge-Intermedia Code ChallengeUITests-checkManifestLockResult.txt",
			);
			runOnlyForDeploymentPostprocessing = 0;
			shellPath = /bin/sh;
			shellScript = "diff \"${PODS_PODFILE_DIR_PATH}/Podfile.lock\" \"${PODS_ROOT}/Manifest.lock\" > /dev/null\nif [ $? != 0 ] ; then\n    # print error to STDERR\n    echo \"error: The sandbox is not in sync with the Podfile.lock. Run 'pod install' or update your CocoaPods installation.\" >&2\n    exit 1\nfi\n# This output is used by Xcode 'outputs' to avoid re-running this script phase.\necho \"SUCCESS\" > \"${SCRIPT_OUTPUT_FILE_0}\"\n";
			showEnvVarsInLog = 0;
		};
/* End PBXShellScriptBuildPhase section */

/* Begin PBXSourcesBuildPhase section */
		CE9011C12582DB7400ECCC0A /* Sources */ = {
			isa = PBXSourcesBuildPhase;
			buildActionMask = 2147483647;
			files = (
				CE12DF20258E649000E6F015 /* HeroViewController+Extension.swift in Sources */,
				CEB6F7EF2589735200CED9EB /* NetworkingClient.swift in Sources */,
				CE05FEB225858A5000BFCEBA /* LoginViewProtocol.swift in Sources */,
				CE12E08C259006E500E6F015 /* StoriesServiceProtocol.swift in Sources */,
				CE12E087259006DC00E6F015 /* StoriesService.swift in Sources */,
				CE12DF2F258E811300E6F015 /* ComicsModel.swift in Sources */,
				CE12E0922590075B00E6F015 /* EventsScreenRepositoryProtocol.swift in Sources */,
				CED2DB8E25881B70002379F3 /* HeroModel.swift in Sources */,
				CE31BD1C258C112A006B6E41 /* HeroServiceProtocol.swift in Sources */,
				CE05FE5325855E4600BFCEBA /* LoginPresenter.swift in Sources */,
				CE74766A2586B8C200C63A77 /* CustomTabBarController.swift in Sources */,
				CE12DFF9258FE37600E6F015 /* DetailViewController+Extension.swift in Sources */,
				CE12E011258FE79000E6F015 /* ComicsService.swift in Sources */,
				CE05FE21258555AA00BFCEBA /* RegistrationPresenter.swift in Sources */,
				CE12E007258FE62B00E6F015 /* DetailScreenRepository.swift in Sources */,
				CE90121D2582DD9600ECCC0A /* Constants.swift in Sources */,
				CE9012C02583036100ECCC0A /* CustomTextField.swift in Sources */,
				CE05FEB725858A6800BFCEBA /* RegisterViewProtocol.swift in Sources */,
				CE9012B02582F0CD00ECCC0A /* CustomButton.swift in Sources */,
				CE05FE3525855C1700BFCEBA /* LoginViewControlller.swift in Sources */,
				CE9011C92582DB7400ECCC0A /* AppDelegate.swift in Sources */,
				CED2DC882588E233002379F3 /* HeroView.swift in Sources */,
				CE12E07F259002C300E6F015 /* EventsModel.swift in Sources */,
				CE12E0D125901C0200E6F015 /* EventsView.swift in Sources */,
				CE9012182582DD5B00ECCC0A /* BaseViewController.swift in Sources */,
				CE12DF3C258EA7DB00E6F015 /* DetailViewController.swift in Sources */,
				CE12E09A2590076600E6F015 /* EventsScreenRepository.swift in Sources */,
				CE05FE082585452500BFCEBA /* RegistrationViewController.swift in Sources */,
				CE12DFCB258FD4E500E6F015 /* ImageTableViewCell.swift in Sources */,
				CE9012282582DEE500ECCC0A /* HeroViewController.swift in Sources */,
				CE05FEBC25858A8400BFCEBA /* HeroViewControllerProtocol.swift in Sources */,
				CE12E021258FFA9200E6F015 /* DetailView.swift in Sources */,
				CE12E0A7259008C500E6F015 /* EventsViewControllerProtocol.swift in Sources */,
				CE05FE102585453300BFCEBA /* RegisterView.swift in Sources */,
				CE05FE182585480900BFCEBA /* FirebaseView.swift in Sources */,
				CE05FEAA25858A2A00BFCEBA /* BaseViewControllerProtocol.swift in Sources */,
				CE31BD14258C111E006B6E41 /* HeroService.swift in Sources */,
				CE12E0C7259017A700E6F015 /* EventsTableViewCell.swift in Sources */,
				CE12DFEA258FE02600E6F015 /* ComicTableViewCell.swift in Sources */,
				CE9012102582DD3B00ECCC0A /* UIKit+Extension.swift in Sources */,
				CE05FEA22585871F00BFCEBA /* HeroPresenter.swift in Sources */,
				CE31BD0E258C0E9E006B6E41 /* HeroRepositoryProtocol.swift in Sources */,
				CE12DF44258EA82F00E6F015 /* DetailPresenter.swift in Sources */,
				CE12E00C258FE64000E6F015 /* DetailScreenRepositoryProtocol.swift in Sources */,
				CE05FE6B2585678C00BFCEBA /* FirebasePresenter.swift in Sources */,
				CED2D7D22587043F002379F3 /* HeroCell.swift in Sources */,
				CE12DFD4258FDBC200E6F015 /* DescriptionTableViewCell.swift in Sources */,
				CE12E0FE259034A200E6F015 /* EventsViewController+Extension.swift in Sources */,
				CE12E016258FE79B00E6F015 /* ComicsServiceProtocol.swift in Sources */,
				CE12DFDF258FDEDD00E6F015 /* TitleTableViewCell.swift in Sources */,
				CE9012B52582FC9900ECCC0A /* UIImageView+Extension.swift in Sources */,
				CE12E0A22590089500E6F015 /* EventsPresenter.swift in Sources */,
				CE05FE4525855C9700BFCEBA /* LoginView.swift in Sources */,
				CE12DF49258EA84A00E6F015 /* DetailViewControllerProtocol.swift in Sources */,
				CE31BCE7258BBB78006B6E41 /* HeroRepository.swift in Sources */,
				CE7476472586A6B200C63A77 /* EventsViewController.swift in Sources */,
				CEB6F80D2589852000CED9EB /* String+Extension.swift in Sources */,
				CE9011CB2582DB7400ECCC0A /* SceneDelegate.swift in Sources */,
			);
			runOnlyForDeploymentPostprocessing = 0;
		};
		CE9011D72582DB7700ECCC0A /* Sources */ = {
			isa = PBXSourcesBuildPhase;
			buildActionMask = 2147483647;
			files = (
				CED4CA85259E46DE00215702 /* HeroCellSnapshotTestCases.swift in Sources */,
				CED4CAC025A1030B00215702 /* BaseViewControllerProtocolTest.swift in Sources */,
				CED4CB3225A14AF200215702 /* HeroRepositoryProtocolTest.swift in Sources */,
				CED4C96C259CC49D00215702 /* CustomButtonSnapshotTestCases.swift in Sources */,
				CED4CA7F259E457700215702 /* RegisterViewSnapshotTestCases.swift in Sources */,
				CED4CADA25A13C1000215702 /* LoginSpy.swift in Sources */,
				CED4CAF525A13FAE00215702 /* LoginViewProtocolTest.swift in Sources */,
				CED4CAE525A13D4E00215702 /* LoginViewControllerProtocol.swift in Sources */,
				CED4CB1F25A1484000215702 /* HeroMockModel.swift in Sources */,
				CED4CA51259D0D9C00215702 /* LoginViewSnapshotTestCases.swift in Sources */,
				CED4CB1425A1457F00215702 /* RegisterViewProtocolTest.swift in Sources */,
				CED4CB0B25A1453300215702 /* RegisterViewSpy.swift in Sources */,
				CED4CAB825A1021000215702 /* BaseViewControllerSpy.swift in Sources */,
				CED4CAED25A13F6D00215702 /* LoginViewSpy.swift in Sources */,
				CE9011E02582DB7700ECCC0A /* Intermedia_Code_ChallengeTests.swift in Sources */,
				CED4CB2A25A14A6500215702 /* HeroRepositorySpy.swift in Sources */,
				CED4CA4A259CFBB700215702 /* CustomTextViewSnapshotTestCases.swift in Sources */,
				CED4C964259CC1D000215702 /* FirebaseViewSnapshotTestCases.swift in Sources */,
			);
			runOnlyForDeploymentPostprocessing = 0;
		};
		CE9011E22582DB7700ECCC0A /* Sources */ = {
			isa = PBXSourcesBuildPhase;
			buildActionMask = 2147483647;
			files = (
				CE9011EB2582DB7700ECCC0A /* Intermedia_Code_ChallengeUITests.swift in Sources */,
			);
			runOnlyForDeploymentPostprocessing = 0;
		};
/* End PBXSourcesBuildPhase section */

/* Begin PBXTargetDependency section */
		CE9011DD2582DB7700ECCC0A /* PBXTargetDependency */ = {
			isa = PBXTargetDependency;
			target = CE9011C42582DB7400ECCC0A /* Intermedia Code Challenge */;
			targetProxy = CE9011DC2582DB7700ECCC0A /* PBXContainerItemProxy */;
		};
		CE9011E82582DB7700ECCC0A /* PBXTargetDependency */ = {
			isa = PBXTargetDependency;
			target = CE9011C42582DB7400ECCC0A /* Intermedia Code Challenge */;
			targetProxy = CE9011E72582DB7700ECCC0A /* PBXContainerItemProxy */;
		};
/* End PBXTargetDependency section */

/* Begin XCBuildConfiguration section */
		CE9011ED2582DB7700ECCC0A /* Debug */ = {
			isa = XCBuildConfiguration;
			buildSettings = {
				ALWAYS_SEARCH_USER_PATHS = NO;
				CLANG_ANALYZER_NONNULL = YES;
				CLANG_ANALYZER_NUMBER_OBJECT_CONVERSION = YES_AGGRESSIVE;
				CLANG_CXX_LANGUAGE_STANDARD = "gnu++14";
				CLANG_CXX_LIBRARY = "libc++";
				CLANG_ENABLE_MODULES = YES;
				CLANG_ENABLE_OBJC_ARC = YES;
				CLANG_ENABLE_OBJC_WEAK = YES;
				CLANG_WARN_BLOCK_CAPTURE_AUTORELEASING = YES;
				CLANG_WARN_BOOL_CONVERSION = YES;
				CLANG_WARN_COMMA = YES;
				CLANG_WARN_CONSTANT_CONVERSION = YES;
				CLANG_WARN_DEPRECATED_OBJC_IMPLEMENTATIONS = YES;
				CLANG_WARN_DIRECT_OBJC_ISA_USAGE = YES_ERROR;
				CLANG_WARN_DOCUMENTATION_COMMENTS = YES;
				CLANG_WARN_EMPTY_BODY = YES;
				CLANG_WARN_ENUM_CONVERSION = YES;
				CLANG_WARN_INFINITE_RECURSION = YES;
				CLANG_WARN_INT_CONVERSION = YES;
				CLANG_WARN_NON_LITERAL_NULL_CONVERSION = YES;
				CLANG_WARN_OBJC_IMPLICIT_RETAIN_SELF = YES;
				CLANG_WARN_OBJC_LITERAL_CONVERSION = YES;
				CLANG_WARN_OBJC_ROOT_CLASS = YES_ERROR;
				CLANG_WARN_QUOTED_INCLUDE_IN_FRAMEWORK_HEADER = YES;
				CLANG_WARN_RANGE_LOOP_ANALYSIS = YES;
				CLANG_WARN_STRICT_PROTOTYPES = YES;
				CLANG_WARN_SUSPICIOUS_MOVE = YES;
				CLANG_WARN_UNGUARDED_AVAILABILITY = YES_AGGRESSIVE;
				CLANG_WARN_UNREACHABLE_CODE = YES;
				CLANG_WARN__DUPLICATE_METHOD_MATCH = YES;
				COPY_PHASE_STRIP = NO;
				DEBUG_INFORMATION_FORMAT = dwarf;
				ENABLE_STRICT_OBJC_MSGSEND = YES;
				ENABLE_TESTABILITY = YES;
				GCC_C_LANGUAGE_STANDARD = gnu11;
				GCC_DYNAMIC_NO_PIC = NO;
				GCC_NO_COMMON_BLOCKS = YES;
				GCC_OPTIMIZATION_LEVEL = 0;
				GCC_PREPROCESSOR_DEFINITIONS = (
					"DEBUG=1",
					"$(inherited)",
				);
				GCC_WARN_64_TO_32_BIT_CONVERSION = YES;
				GCC_WARN_ABOUT_RETURN_TYPE = YES_ERROR;
				GCC_WARN_UNDECLARED_SELECTOR = YES;
				GCC_WARN_UNINITIALIZED_AUTOS = YES_AGGRESSIVE;
				GCC_WARN_UNUSED_FUNCTION = YES;
				GCC_WARN_UNUSED_VARIABLE = YES;
				IPHONEOS_DEPLOYMENT_TARGET = 13.0;
				MTL_ENABLE_DEBUG_INFO = INCLUDE_SOURCE;
				MTL_FAST_MATH = YES;
				ONLY_ACTIVE_ARCH = YES;
				SDKROOT = iphoneos;
				SWIFT_ACTIVE_COMPILATION_CONDITIONS = DEBUG;
				SWIFT_OPTIMIZATION_LEVEL = "-Onone";
			};
			name = Debug;
		};
		CE9011EE2582DB7700ECCC0A /* Release */ = {
			isa = XCBuildConfiguration;
			buildSettings = {
				ALWAYS_SEARCH_USER_PATHS = NO;
				CLANG_ANALYZER_NONNULL = YES;
				CLANG_ANALYZER_NUMBER_OBJECT_CONVERSION = YES_AGGRESSIVE;
				CLANG_CXX_LANGUAGE_STANDARD = "gnu++14";
				CLANG_CXX_LIBRARY = "libc++";
				CLANG_ENABLE_MODULES = YES;
				CLANG_ENABLE_OBJC_ARC = YES;
				CLANG_ENABLE_OBJC_WEAK = YES;
				CLANG_WARN_BLOCK_CAPTURE_AUTORELEASING = YES;
				CLANG_WARN_BOOL_CONVERSION = YES;
				CLANG_WARN_COMMA = YES;
				CLANG_WARN_CONSTANT_CONVERSION = YES;
				CLANG_WARN_DEPRECATED_OBJC_IMPLEMENTATIONS = YES;
				CLANG_WARN_DIRECT_OBJC_ISA_USAGE = YES_ERROR;
				CLANG_WARN_DOCUMENTATION_COMMENTS = YES;
				CLANG_WARN_EMPTY_BODY = YES;
				CLANG_WARN_ENUM_CONVERSION = YES;
				CLANG_WARN_INFINITE_RECURSION = YES;
				CLANG_WARN_INT_CONVERSION = YES;
				CLANG_WARN_NON_LITERAL_NULL_CONVERSION = YES;
				CLANG_WARN_OBJC_IMPLICIT_RETAIN_SELF = YES;
				CLANG_WARN_OBJC_LITERAL_CONVERSION = YES;
				CLANG_WARN_OBJC_ROOT_CLASS = YES_ERROR;
				CLANG_WARN_QUOTED_INCLUDE_IN_FRAMEWORK_HEADER = YES;
				CLANG_WARN_RANGE_LOOP_ANALYSIS = YES;
				CLANG_WARN_STRICT_PROTOTYPES = YES;
				CLANG_WARN_SUSPICIOUS_MOVE = YES;
				CLANG_WARN_UNGUARDED_AVAILABILITY = YES_AGGRESSIVE;
				CLANG_WARN_UNREACHABLE_CODE = YES;
				CLANG_WARN__DUPLICATE_METHOD_MATCH = YES;
				COPY_PHASE_STRIP = NO;
				DEBUG_INFORMATION_FORMAT = "dwarf-with-dsym";
				ENABLE_NS_ASSERTIONS = NO;
				ENABLE_STRICT_OBJC_MSGSEND = YES;
				GCC_C_LANGUAGE_STANDARD = gnu11;
				GCC_NO_COMMON_BLOCKS = YES;
				GCC_WARN_64_TO_32_BIT_CONVERSION = YES;
				GCC_WARN_ABOUT_RETURN_TYPE = YES_ERROR;
				GCC_WARN_UNDECLARED_SELECTOR = YES;
				GCC_WARN_UNINITIALIZED_AUTOS = YES_AGGRESSIVE;
				GCC_WARN_UNUSED_FUNCTION = YES;
				GCC_WARN_UNUSED_VARIABLE = YES;
				IPHONEOS_DEPLOYMENT_TARGET = 13.0;
				MTL_ENABLE_DEBUG_INFO = NO;
				MTL_FAST_MATH = YES;
				SDKROOT = iphoneos;
				SWIFT_COMPILATION_MODE = wholemodule;
				SWIFT_OPTIMIZATION_LEVEL = "-O";
				VALIDATE_PRODUCT = YES;
			};
			name = Release;
		};
		CE9011F02582DB7700ECCC0A /* Debug */ = {
			isa = XCBuildConfiguration;
			baseConfigurationReference = 388CEB2923B0CA35211CBEE3 /* Pods-Intermedia Code Challenge.debug.xcconfig */;
			buildSettings = {
				ASSETCATALOG_COMPILER_APPICON_NAME = AppIcon;
				ASSETCATALOG_COMPILER_GLOBAL_ACCENT_COLOR_NAME = AccentColor;
				CODE_SIGN_STYLE = Automatic;
				DEVELOPMENT_TEAM = 38Y76YFRM8;
				INFOPLIST_FILE = "Intermedia Code Challenge/Info.plist";
				IPHONEOS_DEPLOYMENT_TARGET = 13.0;
				LD_RUNPATH_SEARCH_PATHS = (
					"$(inherited)",
					"@executable_path/Frameworks",
				);
				PRODUCT_BUNDLE_IDENTIFIER = "com.gonzalofuentes.Intermedia-Code-Challenge";
				PRODUCT_NAME = "$(TARGET_NAME)";
				SWIFT_VERSION = 5.0;
				TARGETED_DEVICE_FAMILY = "1,2";
			};
			name = Debug;
		};
		CE9011F12582DB7700ECCC0A /* Release */ = {
			isa = XCBuildConfiguration;
			baseConfigurationReference = AE73A6CE3E84CDCAD8029F05 /* Pods-Intermedia Code Challenge.release.xcconfig */;
			buildSettings = {
				ASSETCATALOG_COMPILER_APPICON_NAME = AppIcon;
				ASSETCATALOG_COMPILER_GLOBAL_ACCENT_COLOR_NAME = AccentColor;
				CODE_SIGN_STYLE = Automatic;
				DEVELOPMENT_TEAM = 38Y76YFRM8;
				INFOPLIST_FILE = "Intermedia Code Challenge/Info.plist";
				IPHONEOS_DEPLOYMENT_TARGET = 13.0;
				LD_RUNPATH_SEARCH_PATHS = (
					"$(inherited)",
					"@executable_path/Frameworks",
				);
				PRODUCT_BUNDLE_IDENTIFIER = "com.gonzalofuentes.Intermedia-Code-Challenge";
				PRODUCT_NAME = "$(TARGET_NAME)";
				SWIFT_VERSION = 5.0;
				TARGETED_DEVICE_FAMILY = "1,2";
			};
			name = Release;
		};
		CE9011F32582DB7700ECCC0A /* Debug */ = {
			isa = XCBuildConfiguration;
			baseConfigurationReference = B101683364171981C84F0293 /* Pods-Intermedia Code ChallengeTests.debug.xcconfig */;
			buildSettings = {
				ALWAYS_EMBED_SWIFT_STANDARD_LIBRARIES = YES;
				BUNDLE_LOADER = "$(TEST_HOST)";
				CODE_SIGN_STYLE = Automatic;
				INFOPLIST_FILE = "Intermedia Code ChallengeTests/Info.plist";
				IPHONEOS_DEPLOYMENT_TARGET = 14.1;
				LD_RUNPATH_SEARCH_PATHS = (
					"$(inherited)",
					"@executable_path/Frameworks",
					"@loader_path/Frameworks",
				);
				PRODUCT_BUNDLE_IDENTIFIER = "com.gonzalofuentes.Intermedia-Code-ChallengeTests";
				PRODUCT_NAME = "$(TARGET_NAME)";
				SWIFT_VERSION = 5.0;
				TARGETED_DEVICE_FAMILY = "1,2";
				TEST_HOST = "$(BUILT_PRODUCTS_DIR)/Intermedia Code Challenge.app/Intermedia Code Challenge";
			};
			name = Debug;
		};
		CE9011F42582DB7700ECCC0A /* Release */ = {
			isa = XCBuildConfiguration;
			baseConfigurationReference = 99546A73E2CCEDD71336B4D0 /* Pods-Intermedia Code ChallengeTests.release.xcconfig */;
			buildSettings = {
				ALWAYS_EMBED_SWIFT_STANDARD_LIBRARIES = YES;
				BUNDLE_LOADER = "$(TEST_HOST)";
				CODE_SIGN_STYLE = Automatic;
				INFOPLIST_FILE = "Intermedia Code ChallengeTests/Info.plist";
				IPHONEOS_DEPLOYMENT_TARGET = 14.1;
				LD_RUNPATH_SEARCH_PATHS = (
					"$(inherited)",
					"@executable_path/Frameworks",
					"@loader_path/Frameworks",
				);
				PRODUCT_BUNDLE_IDENTIFIER = "com.gonzalofuentes.Intermedia-Code-ChallengeTests";
				PRODUCT_NAME = "$(TARGET_NAME)";
				SWIFT_VERSION = 5.0;
				TARGETED_DEVICE_FAMILY = "1,2";
				TEST_HOST = "$(BUILT_PRODUCTS_DIR)/Intermedia Code Challenge.app/Intermedia Code Challenge";
			};
			name = Release;
		};
		CE9011F62582DB7700ECCC0A /* Debug */ = {
			isa = XCBuildConfiguration;
			baseConfigurationReference = AEF5FAA840AF9BA0617E77DC /* Pods-Intermedia Code Challenge-Intermedia Code ChallengeUITests.debug.xcconfig */;
			buildSettings = {
				ALWAYS_EMBED_SWIFT_STANDARD_LIBRARIES = YES;
				CODE_SIGN_STYLE = Automatic;
				INFOPLIST_FILE = "Intermedia Code ChallengeUITests/Info.plist";
				LD_RUNPATH_SEARCH_PATHS = (
					"$(inherited)",
					"@executable_path/Frameworks",
					"@loader_path/Frameworks",
				);
				PRODUCT_BUNDLE_IDENTIFIER = "com.gonzalofuentes.Intermedia-Code-ChallengeUITests";
				PRODUCT_NAME = "$(TARGET_NAME)";
				SWIFT_VERSION = 5.0;
				TARGETED_DEVICE_FAMILY = "1,2";
				TEST_TARGET_NAME = "Intermedia Code Challenge";
			};
			name = Debug;
		};
		CE9011F72582DB7700ECCC0A /* Release */ = {
			isa = XCBuildConfiguration;
			baseConfigurationReference = 4029CEC140CD2DBAA8225B59 /* Pods-Intermedia Code Challenge-Intermedia Code ChallengeUITests.release.xcconfig */;
			buildSettings = {
				ALWAYS_EMBED_SWIFT_STANDARD_LIBRARIES = YES;
				CODE_SIGN_STYLE = Automatic;
				INFOPLIST_FILE = "Intermedia Code ChallengeUITests/Info.plist";
				LD_RUNPATH_SEARCH_PATHS = (
					"$(inherited)",
					"@executable_path/Frameworks",
					"@loader_path/Frameworks",
				);
				PRODUCT_BUNDLE_IDENTIFIER = "com.gonzalofuentes.Intermedia-Code-ChallengeUITests";
				PRODUCT_NAME = "$(TARGET_NAME)";
				SWIFT_VERSION = 5.0;
				TARGETED_DEVICE_FAMILY = "1,2";
				TEST_TARGET_NAME = "Intermedia Code Challenge";
			};
			name = Release;
		};
/* End XCBuildConfiguration section */

/* Begin XCConfigurationList section */
		CE9011C02582DB7400ECCC0A /* Build configuration list for PBXProject "Intermedia Code Challenge" */ = {
			isa = XCConfigurationList;
			buildConfigurations = (
				CE9011ED2582DB7700ECCC0A /* Debug */,
				CE9011EE2582DB7700ECCC0A /* Release */,
			);
			defaultConfigurationIsVisible = 0;
			defaultConfigurationName = Release;
		};
		CE9011EF2582DB7700ECCC0A /* Build configuration list for PBXNativeTarget "Intermedia Code Challenge" */ = {
			isa = XCConfigurationList;
			buildConfigurations = (
				CE9011F02582DB7700ECCC0A /* Debug */,
				CE9011F12582DB7700ECCC0A /* Release */,
			);
			defaultConfigurationIsVisible = 0;
			defaultConfigurationName = Release;
		};
		CE9011F22582DB7700ECCC0A /* Build configuration list for PBXNativeTarget "Intermedia Code ChallengeTests" */ = {
			isa = XCConfigurationList;
			buildConfigurations = (
				CE9011F32582DB7700ECCC0A /* Debug */,
				CE9011F42582DB7700ECCC0A /* Release */,
			);
			defaultConfigurationIsVisible = 0;
			defaultConfigurationName = Release;
		};
		CE9011F52582DB7700ECCC0A /* Build configuration list for PBXNativeTarget "Intermedia Code ChallengeUITests" */ = {
			isa = XCConfigurationList;
			buildConfigurations = (
				CE9011F62582DB7700ECCC0A /* Debug */,
				CE9011F72582DB7700ECCC0A /* Release */,
			);
			defaultConfigurationIsVisible = 0;
			defaultConfigurationName = Release;
		};
/* End XCConfigurationList section */
	};
	rootObject = CE9011BD2582DB7400ECCC0A /* Project object */;
}
